{
  "lockfileVersion": 1,
  "configVersion": 0,
  "workspaces": {
    "": {
      "name": "node-typescript-resolver",
      "dependencies": {
        "oxc-resolver": "^11.15.0",
      },
      "devDependencies": {
        "@types/node": "25.0.3",
        "lefthook": "2.0.12",
        "node-test-github-reporter": "1.3.1",
        "oxfmt": "^0.18.0",
        "oxlint": "^1.32.0",
        "oxlint-tsgolint": "^0.9.0",
        "type-fest": "5.3.1",
        "typescript": "5.9.3",
      },
    },
  },
  "packages": {
    "@actions/core": ["@actions/core@1.11.1", "", { "dependencies": { "@actions/exec": "^1.1.1", "@actions/http-client": "^2.0.1" } }, "sha512-hXJCSrkwfA46Vd9Z3q4cpEpHB1rL5NG04+/rbqW9d3+CSvtB1tYe8UTpAlixa1vj0m/ULglfEK2UKxMGxCxv5A=="],

    "@actions/exec": ["@actions/exec@1.1.1", "", { "dependencies": { "@actions/io": "^1.0.1" } }, "sha512-+sCcHHbVdk93a0XT19ECtO/gIXoxvdsgQLzb2fE2/5sIZmWQuluYyjPQtrtTHdU1YzTZ7bAPN4sITq2xi1679w=="],

    "@actions/http-client": ["@actions/http-client@2.2.3", "", { "dependencies": { "tunnel": "^0.0.6", "undici": "^5.25.4" } }, "sha512-mx8hyJi/hjFvbPokCg4uRd4ZX78t+YyRPtnKWwIl+RzNaVuFpQHfmlGVfsKEJN8LwTCvL+DfVgAM04XaHkm6bA=="],

    "@actions/io": ["@actions/io@1.1.3", "", {}, "sha512-wi9JjgKLYS7U/z8PPbco+PvTb/nRWjeoFlJ1Qer83k/3C5PHQi28hiVdeE2kHXmIL99mQFawx8qt/JPjZilJ8Q=="],

    "@emnapi/core": ["@emnapi/core@1.7.1", "", { "dependencies": { "@emnapi/wasi-threads": "1.1.0", "tslib": "^2.4.0" } }, "sha512-o1uhUASyo921r2XtHYOHy7gdkGLge8ghBEQHMWmyJFoXlpU58kIrhhN3w26lpQb6dspetweapMn2CSNwQ8I4wg=="],

    "@emnapi/runtime": ["@emnapi/runtime@1.7.1", "", { "dependencies": { "tslib": "^2.4.0" } }, "sha512-PVtJr5CmLwYAU9PZDMITZoR5iAOShYREoR45EyyLrbntV50mdePTgUn4AmOw90Ifcj+x2kRjdzr1HP3RrNiHGA=="],

    "@emnapi/wasi-threads": ["@emnapi/wasi-threads@1.1.0", "", { "dependencies": { "tslib": "^2.4.0" } }, "sha512-WI0DdZ8xFSbgMjR1sFsKABJ/C5OnRrjT06JXbZKexJGrDuPTzZdDYfFlsgcCXCyf+suG5QU2e/y1Wo2V/OapLQ=="],

    "@fastify/busboy": ["@fastify/busboy@2.1.1", "", {}, "sha512-vBZP4NlzfOlerQTnba4aqZoMhE/a9HY7HRqoOPaETQcSQuWEIyZMHGfVu6w9wGtGK5fED5qRs2DteVCjOH60sA=="],

    "@napi-rs/wasm-runtime": ["@napi-rs/wasm-runtime@1.1.0", "", { "dependencies": { "@emnapi/core": "^1.7.1", "@emnapi/runtime": "^1.7.1", "@tybys/wasm-util": "^0.10.1" } }, "sha512-Fq6DJW+Bb5jaWE69/qOE0D1TUN9+6uWhCeZpdnSBk14pjLcCWR7Q8n49PTSPHazM37JqrsdpEthXy2xn6jWWiA=="],

    "@oxc-resolver/binding-android-arm-eabi": ["@oxc-resolver/binding-android-arm-eabi@11.15.0", "", { "os": "android", "cpu": "arm" }, "sha512-Q+lWuFfq7whNelNJIP1dhXaVz4zO9Tu77GcQHyxDWh3MaCoO2Bisphgzmsh4ZoUe2zIchQh6OvQL99GlWHg9Tw=="],

    "@oxc-resolver/binding-android-arm64": ["@oxc-resolver/binding-android-arm64@11.15.0", "", { "os": "android", "cpu": "arm64" }, "sha512-vbdBttesHR0W1oJaxgWVTboyMUuu+VnPsHXJ6jrXf4czELzB6GIg5DrmlyhAmFBhjwov+yJH/DfTnHS+2sDgOw=="],

    "@oxc-resolver/binding-darwin-arm64": ["@oxc-resolver/binding-darwin-arm64@11.15.0", "", { "os": "darwin", "cpu": "arm64" }, "sha512-R67lsOe1UzNjqVBCwCZX1rlItTsj/cVtBw4Uy19CvTicqEWvwaTn8t34zLD75LQwDDPCY3C8n7NbD+LIdw+ZoA=="],

    "@oxc-resolver/binding-darwin-x64": ["@oxc-resolver/binding-darwin-x64@11.15.0", "", { "os": "darwin", "cpu": "x64" }, "sha512-77mya5F8WV0EtCxI0MlVZcqkYlaQpfNwl/tZlfg4jRsoLpFbaTeWv75hFm6TE84WULVlJtSgvf7DhoWBxp9+ZQ=="],

    "@oxc-resolver/binding-freebsd-x64": ["@oxc-resolver/binding-freebsd-x64@11.15.0", "", { "os": "freebsd", "cpu": "x64" }, "sha512-X1Sz7m5PC+6D3KWIDXMUtux+0Imj6HfHGdBStSvgdI60OravzI1t83eyn6eN0LPTrynuPrUgjk7tOnOsBzSWHw=="],

    "@oxc-resolver/binding-linux-arm-gnueabihf": ["@oxc-resolver/binding-linux-arm-gnueabihf@11.15.0", "", { "os": "linux", "cpu": "arm" }, "sha512-L1x/wCaIRre+18I4cH/lTqSAymlV0k4HqfSYNNuI9oeL28Ks86lI6O5VfYL6sxxWYgjuWB98gNGo7tq7d4GarQ=="],

    "@oxc-resolver/binding-linux-arm-musleabihf": ["@oxc-resolver/binding-linux-arm-musleabihf@11.15.0", "", { "os": "linux", "cpu": "arm" }, "sha512-abGXd/zMGa0tH8nKlAXdOnRy4G7jZmkU0J85kMKWns161bxIgGn/j7zxqh3DKEW98wAzzU9GofZMJ0P5YCVPVw=="],

    "@oxc-resolver/binding-linux-arm64-gnu": ["@oxc-resolver/binding-linux-arm64-gnu@11.15.0", "", { "os": "linux", "cpu": "arm64" }, "sha512-SVjjjtMW66Mza76PBGJLqB0KKyFTBnxmtDXLJPbL6ZPGSctcXVmujz7/WAc0rb9m2oV0cHQTtVjnq6orQnI/jg=="],

    "@oxc-resolver/binding-linux-arm64-musl": ["@oxc-resolver/binding-linux-arm64-musl@11.15.0", "", { "os": "linux", "cpu": "arm64" }, "sha512-JDv2/AycPF2qgzEiDeMJCcSzKNDm3KxNg0KKWipoKEMDFqfM7LxNwwSVyAOGmrYlE4l3dg290hOMsr9xG7jv9g=="],

    "@oxc-resolver/binding-linux-ppc64-gnu": ["@oxc-resolver/binding-linux-ppc64-gnu@11.15.0", "", { "os": "linux", "cpu": "ppc64" }, "sha512-zbu9FhvBLW4KJxo7ElFvZWbSt4vP685Qc/Gyk/Ns3g2gR9qh2qWXouH8PWySy+Ko/qJ42+HJCLg+ZNcxikERfg=="],

    "@oxc-resolver/binding-linux-riscv64-gnu": ["@oxc-resolver/binding-linux-riscv64-gnu@11.15.0", "", { "os": "linux", "cpu": "none" }, "sha512-Kfleehe6B09C2qCnyIU01xLFqFXCHI4ylzkicfX/89j+gNHh9xyNdpEvit88Kq6i5tTGdavVnM6DQfOE2qNtlg=="],

    "@oxc-resolver/binding-linux-riscv64-musl": ["@oxc-resolver/binding-linux-riscv64-musl@11.15.0", "", { "os": "linux", "cpu": "none" }, "sha512-J7LPiEt27Tpm8P+qURDwNc8q45+n+mWgyys4/V6r5A8v5gDentHRGUx3iVk5NxdKhgoGulrzQocPTZVosq25Eg=="],

    "@oxc-resolver/binding-linux-s390x-gnu": ["@oxc-resolver/binding-linux-s390x-gnu@11.15.0", "", { "os": "linux", "cpu": "s390x" }, "sha512-+8/d2tAScPjVJNyqa7GPGnqleTB/XW9dZJQ2D/oIM3wpH3TG+DaFEXBbk4QFJ9K9AUGBhvQvWU2mQyhK/yYn3Q=="],

    "@oxc-resolver/binding-linux-x64-gnu": ["@oxc-resolver/binding-linux-x64-gnu@11.15.0", "", { "os": "linux", "cpu": "x64" }, "sha512-xtvSzH7Nr5MCZI2FKImmOdTl9kzuQ51RPyLh451tvD2qnkg3BaqI9Ox78bTk57YJhlXPuxWSOL5aZhKAc9J6qg=="],

    "@oxc-resolver/binding-linux-x64-musl": ["@oxc-resolver/binding-linux-x64-musl@11.15.0", "", { "os": "linux", "cpu": "x64" }, "sha512-14YL1zuXj06+/tqsuUZuzL0T425WA/I4nSVN1kBXeC5WHxem6lQ+2HGvG+crjeJEqHgZUT62YIgj88W+8E7eyg=="],

    "@oxc-resolver/binding-openharmony-arm64": ["@oxc-resolver/binding-openharmony-arm64@11.15.0", "", { "os": "none", "cpu": "arm64" }, "sha512-/7Qli+1Wk93coxnrQaU8ySlICYN8HsgyIrzqjgIkQEpI//9eUeaeIHZptNl2fMvBGeXa7k2QgLbRNaBRgpnvMw=="],

    "@oxc-resolver/binding-wasm32-wasi": ["@oxc-resolver/binding-wasm32-wasi@11.15.0", "", { "dependencies": { "@napi-rs/wasm-runtime": "^1.1.0" }, "cpu": "none" }, "sha512-q5rn2eIMQLuc/AVGR2rQKb2EVlgreATGG8xXg8f4XbbYCVgpxaq+dgMbiPStyNywW1MH8VU2T09UEm30UtOQvg=="],

    "@oxc-resolver/binding-win32-arm64-msvc": ["@oxc-resolver/binding-win32-arm64-msvc@11.15.0", "", { "os": "win32", "cpu": "arm64" }, "sha512-yCAh2RWjU/8wWTxQDgGPgzV9QBv0/Ojb5ej1c/58iOjyTuy/J1ZQtYi2SpULjKmwIxLJdTiCHpMilauWimE31w=="],

    "@oxc-resolver/binding-win32-ia32-msvc": ["@oxc-resolver/binding-win32-ia32-msvc@11.15.0", "", { "os": "win32", "cpu": "ia32" }, "sha512-lmXKb6lvA6M6QIbtYfgjd+AryJqExZVSY2bfECC18OPu7Lv1mHFF171Mai5l9hG3r4IhHPPIwT10EHoilSCYeA=="],

    "@oxc-resolver/binding-win32-x64-msvc": ["@oxc-resolver/binding-win32-x64-msvc@11.15.0", "", { "os": "win32", "cpu": "x64" }, "sha512-HZsfne0s/tGOcJK9ZdTGxsNU2P/dH0Shf0jqrPvsC6wX0Wk+6AyhSpHFLQCnLOuFQiHHU0ePfM8iYsoJb5hHpQ=="],

    "@oxfmt/darwin-arm64": ["@oxfmt/darwin-arm64@0.18.0", "", { "os": "darwin", "cpu": "arm64" }, "sha512-Dp3mOFUtLtG/0eDclI3rx2be5FEnUxh2T6zlq7Zx5Q1c+DS9LJF8H97nQx+O/OU+o0e0J90kN8Msf9v3j7Hhsg=="],

    "@oxfmt/darwin-x64": ["@oxfmt/darwin-x64@0.18.0", "", { "os": "darwin", "cpu": "x64" }, "sha512-Oe3KS4tdfLq+f1Ebje7D9BF7/0xmBYSMN6dWatSko1xfvu8oCZzKcNCcbwz0a8rBnoH/BnIiGFUEbgJDnA/JLQ=="],

    "@oxfmt/linux-arm64-gnu": ["@oxfmt/linux-arm64-gnu@0.18.0", "", { "os": "linux", "cpu": "arm64" }, "sha512-zW9z8LrAgL9bswgsaFOnQmoImCbq9YQST8B15FAoTeZYr9sb/VfdD6/PQEBLCptYlFmoTvmDNHjppi9g61NwHQ=="],

    "@oxfmt/linux-arm64-musl": ["@oxfmt/linux-arm64-musl@0.18.0", "", { "os": "linux", "cpu": "arm64" }, "sha512-mFnpcasZZv1s/+6YDPradhIgR2G7GWr+mnzgJMIKQOJAtX3b0vzG+FE4f7hDIZPEUhC0hvZSd8f31FjAtrX0aQ=="],

    "@oxfmt/linux-x64-gnu": ["@oxfmt/linux-x64-gnu@0.18.0", "", { "os": "linux", "cpu": "x64" }, "sha512-G1AXQNHVkPgVgRrAvDYdNi0x3gkvVyEmpL6WLMwoSjMnwYWQLt5/jrndHbS2Db8/CcmMo6VPP8lUQGvM4TRVaQ=="],

    "@oxfmt/linux-x64-musl": ["@oxfmt/linux-x64-musl@0.18.0", "", { "os": "linux", "cpu": "x64" }, "sha512-M/KEIMHDr5lcK9gDxgIGr9xVwX7Pfl3PZs+6e8SySuckMgoJMkee6uWxhMdxws3dfU94saAkVmNQzM2+l3hvtA=="],

    "@oxfmt/win32-arm64": ["@oxfmt/win32-arm64@0.18.0", "", { "os": "win32", "cpu": "arm64" }, "sha512-LunuNBTLOgfkYFjiHOeNHD/Ii5paO/GVyNPSEYBwEPULbdeMGnjHqxzQHLGU8QIQjwu55mp4uuBP0DAXTli2TQ=="],

    "@oxfmt/win32-x64": ["@oxfmt/win32-x64@0.18.0", "", { "os": "win32", "cpu": "x64" }, "sha512-0kJJwn4FPeGJ4uV6ofOCiY+oBKWg+RWpRjYc9bywTjDbxWR6JAqtuXkiARCJej8UD/rJeXnHYTF78sFALkwZyA=="],

    "@oxlint-tsgolint/darwin-arm64": ["@oxlint-tsgolint/darwin-arm64@0.9.1", "", { "os": "darwin", "cpu": "arm64" }, "sha512-vk+8kChWqN+F+QUOvp4/6jDTlDCzXPgYGkxdi6EOUSOmCP1ix0uYOlIi/ytH2imXmC8YfPgLR/1BhqbsuDKuew=="],

    "@oxlint-tsgolint/darwin-x64": ["@oxlint-tsgolint/darwin-x64@0.9.1", "", { "os": "darwin", "cpu": "x64" }, "sha512-yXmqr7El17+Oo56fWkPdUluU8d0jWxwRwAe1QZ0Xprxul9FHJeR/O2oYuBUngvCi02dbt0VZlwgJXcljQEdHlQ=="],

    "@oxlint-tsgolint/linux-arm64": ["@oxlint-tsgolint/linux-arm64@0.9.1", "", { "os": "linux", "cpu": "arm64" }, "sha512-ukLb35BHSsxXaVEe8eIvYXMTxOdv8K4CySmtkWyc0pJT0q8zh85by1bsREWAP2hZc0wN0ClHjZHPdKY3958Jwg=="],

    "@oxlint-tsgolint/linux-x64": ["@oxlint-tsgolint/linux-x64@0.9.1", "", { "os": "linux", "cpu": "x64" }, "sha512-kkxSS/meANLun4dHep2wnfvo8OHJKgdxzuY3RoooSWorVqw3/K5Qttmo0OQFt7UNq/oisn0YTaNhV28S0nAWyQ=="],

    "@oxlint-tsgolint/win32-arm64": ["@oxlint-tsgolint/win32-arm64@0.9.1", "", { "os": "win32", "cpu": "arm64" }, "sha512-F9tiZZRn3x+kjXJC8GAE5C5xkvD8b8unoFeh7mS5W4USAH8+AzYydzLev5rAW2uXdOqtkO30EJl0ygl68Zlb8w=="],

    "@oxlint-tsgolint/win32-x64": ["@oxlint-tsgolint/win32-x64@0.9.1", "", { "os": "win32", "cpu": "x64" }, "sha512-DKTBgKUbycKNYgpWpglEHzkgiNVSG1rZmfiqw7w31keAq8q7avNGhz2WNmsRvXh8IGNw1PMb7vgxwUK8eyXIeg=="],

    "@oxlint/darwin-arm64": ["@oxlint/darwin-arm64@1.32.0", "", { "os": "darwin", "cpu": "arm64" }, "sha512-yrqPmZYu5Qb+49h0P5EXVIq8VxYkDDM6ZQrWzlh16+UGFcD8HOXs4oF3g9RyfaoAbShLCXooSQsM/Ifwx8E/eQ=="],

    "@oxlint/darwin-x64": ["@oxlint/darwin-x64@1.32.0", "", { "os": "darwin", "cpu": "x64" }, "sha512-pQRZrJG/2nAKc3IuocFbaFFbTDlQsjz2WfivRsMn0hw65EEsSuM84WMFMiAfLpTGyTICeUtHZLHlrM5lzVr36A=="],

    "@oxlint/linux-arm64-gnu": ["@oxlint/linux-arm64-gnu@1.32.0", "", { "os": "linux", "cpu": "arm64" }, "sha512-tyomSmU2DzwcTmbaWFmStHgVfRmJDDvqcIvcw4fRB1YlL2Qg/XaM4NJ0m2bdTap38gxD5FSxSgCo0DkQ8GTolg=="],

    "@oxlint/linux-arm64-musl": ["@oxlint/linux-arm64-musl@1.32.0", "", { "os": "linux", "cpu": "arm64" }, "sha512-0W46dRMaf71OGE4+Rd+GHfS1uF/UODl5Mef6871pMhN7opPGfTI2fKJxh9VzRhXeSYXW/Z1EuCq9yCfmIJq+5Q=="],

    "@oxlint/linux-x64-gnu": ["@oxlint/linux-x64-gnu@1.32.0", "", { "os": "linux", "cpu": "x64" }, "sha512-5+6myVCBOMvM62rDB9T3CARXUvIwhGqte6E+HoKRwYaqsxGUZ4bh3pItSgSFwHjLGPrvADS11qJUkk39eQQBzQ=="],

    "@oxlint/linux-x64-musl": ["@oxlint/linux-x64-musl@1.32.0", "", { "os": "linux", "cpu": "x64" }, "sha512-qwQlwYYgVIC6ScjpUwiKKNyVdUlJckrfwPVpIjC9mvglIQeIjKuuyaDxUZWIOc/rEzeCV/tW6tcbehLkfEzqsw=="],

    "@oxlint/win32-arm64": ["@oxlint/win32-arm64@1.32.0", "", { "os": "win32", "cpu": "arm64" }, "sha512-7qYZF9CiXGtdv8Z/fBkgB5idD2Zokht67I5DKWH0fZS/2R232sDqW2JpWVkXltk0+9yFvmvJ0ouJgQRl9M3S2g=="],

    "@oxlint/win32-x64": ["@oxlint/win32-x64@1.32.0", "", { "os": "win32", "cpu": "x64" }, "sha512-XW1xqCj34MEGJlHteqasTZ/LmBrwYIgluhNW0aP+XWkn90+stKAq3W/40dvJKbMK9F7o09LPCuMVtUW7FIUuiA=="],

    "@tybys/wasm-util": ["@tybys/wasm-util@0.10.1", "", { "dependencies": { "tslib": "^2.4.0" } }, "sha512-9tTaPJLSiejZKx+Bmog4uSubteqTvFrVrURwkmHixBo0G4seD0zUxp98E1DzUBJxLQ3NPwXrGKDiVjwx/DpPsg=="],

    "@types/node": ["@types/node@25.0.3", "", { "dependencies": { "undici-types": "~7.16.0" } }, "sha512-W609buLVRVmeW693xKfzHeIV6nJGGz98uCPfeXI1ELMLXVeKYZ9m15fAMSaUPBHYLGFsVRcMmSCksQOrZV9BYA=="],

    "error-stack-parser": ["error-stack-parser@2.1.4", "", { "dependencies": { "stackframe": "^1.3.4" } }, "sha512-Sk5V6wVazPhq5MhpO+AUxJn5x7XSXGl1R93Vn7i+zS15KDVxQijejNCrz8340/2bgLBjR9GtEG8ZVKONDjcqGQ=="],

    "escape-string-regexp": ["escape-string-regexp@2.0.0", "", {}, "sha512-UpzcLCXolUWcNu5HtVMHYdXJjArjsF9C0aNnquZYY4uW/Vu0miy5YoWvbV345HauVvcAUnpRuhMMcqTcGOY2+w=="],

    "lefthook": ["lefthook@2.0.12", "", { "optionalDependencies": { "lefthook-darwin-arm64": "2.0.12", "lefthook-darwin-x64": "2.0.12", "lefthook-freebsd-arm64": "2.0.12", "lefthook-freebsd-x64": "2.0.12", "lefthook-linux-arm64": "2.0.12", "lefthook-linux-x64": "2.0.12", "lefthook-openbsd-arm64": "2.0.12", "lefthook-openbsd-x64": "2.0.12", "lefthook-windows-arm64": "2.0.12", "lefthook-windows-x64": "2.0.12" }, "bin": "bin/index.js" }, "sha512-I2FdA9cdnq1icwlNz4RADs7exuqe47q1N9+p2LmcP/WfchWh16mvTB82OAD7w7zK9GxblS9GpF7pASaOSl4c7A=="],

    "lefthook-darwin-arm64": ["lefthook-darwin-arm64@2.0.12", "", { "os": "darwin", "cpu": "arm64" }, "sha512-tuBz1sNLien+nKKb8BDopKjS6EnbXU8rQzhMVBY+bnVfsTiYDfbBr4wo/IzA5TcwoTL/b5somCJhljEw6DvSyg=="],

    "lefthook-darwin-x64": ["lefthook-darwin-x64@2.0.12", "", { "os": "darwin", "cpu": "x64" }, "sha512-FnuUMPPRMJyTEPXg6PotSrFJ8qf8FDLhhD1zLh74D+9Cye5j9n3lcrCQEjXubPT8du/GZLxMBjjffRbcZ8eYDA=="],

    "lefthook-freebsd-arm64": ["lefthook-freebsd-arm64@2.0.12", "", { "os": "freebsd", "cpu": "arm64" }, "sha512-DXElB0qR5e6a8cXkFNYakhwCieypbfh6Y4QG39pzMnLsG03g/nhe093o6owfiUZ4mUFyDM6+0xmy0steOooF2g=="],

    "lefthook-freebsd-x64": ["lefthook-freebsd-x64@2.0.12", "", { "os": "freebsd", "cpu": "x64" }, "sha512-iJN1ZxFeaDi4Fi3b9jcW9wgyNl19LOv2NaVOaAi/tG6mlIn196cmSdXkOA3+943ZbqbdfV9I+bBcIKwneXDA3Q=="],

    "lefthook-linux-arm64": ["lefthook-linux-arm64@2.0.12", "", { "os": "linux", "cpu": "arm64" }, "sha512-byvmO4Iri6P0COwM8c3lGgeCV3Q0hh1XJpRfrcZDr4Wslq9O63t6J3T6i87oOtY+UjC9pXLl6xGk6hlUcHZ3BQ=="],

    "lefthook-linux-x64": ["lefthook-linux-x64@2.0.12", "", { "os": "linux", "cpu": "x64" }, "sha512-KBaiinmf336rA+/dmYs7H7TTeAOByB0CyLA7k8IecTCuaiuKr6ez7ktSjht19poa5G+V0mts4GgEGcx6HViR0w=="],

    "lefthook-openbsd-arm64": ["lefthook-openbsd-arm64@2.0.12", "", { "os": "openbsd", "cpu": "arm64" }, "sha512-1QBMXX1UW5rtgC4TB52OKWB7Rz/kCBRB+bKKLT/gDD79aPzLgJANTitQQzgFNIWoa7aM9UvzvIAJzOo6FcFIbg=="],

    "lefthook-openbsd-x64": ["lefthook-openbsd-x64@2.0.12", "", { "os": "openbsd", "cpu": "x64" }, "sha512-zPcvUzs65GexRA37UHmaZqWuEGSU/zpBaPIY98MybXzzcJfCIf+O0oUQe2riMllwYGvNW0B1y3NOYRziDNe/vA=="],

    "lefthook-windows-arm64": ["lefthook-windows-arm64@2.0.12", "", { "os": "win32", "cpu": "arm64" }, "sha512-kgwxguS2GssoHM4SMTp+ArD/Gjg9q5MinD6iI5vSFpuJygD13ZWiXQQfESMHq9y/v1XkD0BdHTJej49dx8P+Vw=="],

    "lefthook-windows-x64": ["lefthook-windows-x64@2.0.12", "", { "os": "win32", "cpu": "x64" }, "sha512-Tf/VtSOtF3rBTc9dzRWROa+HuhqaiIV+Xp+1gzlx5+uCueLM0m87Rz6yd4IN5mL7TrDaNkiRXI3FvjCp0dUE4Q=="],

    "node-test-github-reporter": ["node-test-github-reporter@1.3.1", "", { "dependencies": { "@actions/core": "^1.10.0", "error-stack-parser": "^2.1.4", "node-test-parser": "^3.0.0", "stack-utils": "^2.0.6" } }, "sha512-SHWaJmTClc1DAEu0UFvjvw2AK2pOhoos2YDifTc59VhbUI7Ro0j4xlqZtqMVuGd/s9gMrQspkhwHCMFDjk+0cg=="],

    "node-test-parser": ["node-test-parser@3.1.0", "", {}, "sha512-e9CLgS/wOMVlpWI63U27wxv8Lq0jMiO2JWirhRKflLsUMHWVoh/ruEibsw1YDCgOwHZiSyNW/QXNTo9cuB7Qpw=="],

    "oxc-resolver": ["oxc-resolver@11.15.0", "", { "optionalDependencies": { "@oxc-resolver/binding-android-arm-eabi": "11.15.0", "@oxc-resolver/binding-android-arm64": "11.15.0", "@oxc-resolver/binding-darwin-arm64": "11.15.0", "@oxc-resolver/binding-darwin-x64": "11.15.0", "@oxc-resolver/binding-freebsd-x64": "11.15.0", "@oxc-resolver/binding-linux-arm-gnueabihf": "11.15.0", "@oxc-resolver/binding-linux-arm-musleabihf": "11.15.0", "@oxc-resolver/binding-linux-arm64-gnu": "11.15.0", "@oxc-resolver/binding-linux-arm64-musl": "11.15.0", "@oxc-resolver/binding-linux-ppc64-gnu": "11.15.0", "@oxc-resolver/binding-linux-riscv64-gnu": "11.15.0", "@oxc-resolver/binding-linux-riscv64-musl": "11.15.0", "@oxc-resolver/binding-linux-s390x-gnu": "11.15.0", "@oxc-resolver/binding-linux-x64-gnu": "11.15.0", "@oxc-resolver/binding-linux-x64-musl": "11.15.0", "@oxc-resolver/binding-openharmony-arm64": "11.15.0", "@oxc-resolver/binding-wasm32-wasi": "11.15.0", "@oxc-resolver/binding-win32-arm64-msvc": "11.15.0", "@oxc-resolver/binding-win32-ia32-msvc": "11.15.0", "@oxc-resolver/binding-win32-x64-msvc": "11.15.0" } }, "sha512-Hk2J8QMYwmIO9XTCUiOH00+Xk2/+aBxRUnhrSlANDyCnLYc32R1WSIq1sU2yEdlqd53FfMpPEpnBYIKQMzliJw=="],

    "oxfmt": ["oxfmt@0.18.0", "", { "dependencies": { "tinypool": "2.0.0" }, "optionalDependencies": { "@oxfmt/darwin-arm64": "0.18.0", "@oxfmt/darwin-x64": "0.18.0", "@oxfmt/linux-arm64-gnu": "0.18.0", "@oxfmt/linux-arm64-musl": "0.18.0", "@oxfmt/linux-x64-gnu": "0.18.0", "@oxfmt/linux-x64-musl": "0.18.0", "@oxfmt/win32-arm64": "0.18.0", "@oxfmt/win32-x64": "0.18.0" }, "bin": "bin/oxfmt" }, "sha512-XqVS+LQi7ARsFlIftB69+jGN2qQaJNBjQU2b9ZQYt+iaUV9digh+dBIsU0isQIZhaQ1ihxGFfsTYQXE/Oak8Qw=="],

    "oxlint": ["oxlint@1.32.0", "", { "optionalDependencies": { "@oxlint/darwin-arm64": "1.32.0", "@oxlint/darwin-x64": "1.32.0", "@oxlint/linux-arm64-gnu": "1.32.0", "@oxlint/linux-arm64-musl": "1.32.0", "@oxlint/linux-x64-gnu": "1.32.0", "@oxlint/linux-x64-musl": "1.32.0", "@oxlint/win32-arm64": "1.32.0", "@oxlint/win32-x64": "1.32.0" }, "peerDependencies": { "oxlint-tsgolint": ">=0.8.1" }, "bin": { "oxc_language_server": "bin/oxc_language_server", "oxlint": "bin/oxlint" } }, "sha512-HYDQCga7flsdyLMUIxTgSnEx5KBxpP9VINB8NgO+UjV80xBiTQXyVsvjtneMT3ZBLMbL0SlG/Dm03XQAsEshMA=="],

    "oxlint-tsgolint": ["oxlint-tsgolint@0.9.1", "", { "optionalDependencies": { "@oxlint-tsgolint/darwin-arm64": "0.9.1", "@oxlint-tsgolint/darwin-x64": "0.9.1", "@oxlint-tsgolint/linux-arm64": "0.9.1", "@oxlint-tsgolint/linux-x64": "0.9.1", "@oxlint-tsgolint/win32-arm64": "0.9.1", "@oxlint-tsgolint/win32-x64": "0.9.1" }, "bin": { "tsgolint": "bin/tsgolint.js" } }, "sha512-w1lIvUDkkiAPFyo268SFGrdh1LQ3Lcs1XShES7I4X75TliQA0os5XJ5hNZ4lYsSevqcofgEtq4xq7rBumv69iQ=="],

    "stack-utils": ["stack-utils@2.0.6", "", { "dependencies": { "escape-string-regexp": "^2.0.0" } }, "sha512-XlkWvfIm6RmsWtNJx+uqtKLS8eqFbxUg0ZzLXqY0caEy9l7hruX8IpiDnjsLavoBgqCCR71TqWO8MaXYheJ3RQ=="],

    "stackframe": ["stackframe@1.3.4", "", {}, "sha512-oeVtt7eWQS+Na6F//S4kJ2K2VbRlS9D43mAlMyVpVWovy9o+jfgH8O9agzANzaiLjclA0oYzUXEM4PurhSUChw=="],

    "tagged-tag": ["tagged-tag@1.0.0", "", {}, "sha512-yEFYrVhod+hdNyx7g5Bnkkb0G6si8HJurOoOEgC8B/O0uXLHlaey/65KRv6cuWBNhBgHKAROVpc7QyYqE5gFng=="],

    "tinypool": ["tinypool@2.0.0", "", {}, "sha512-/RX9RzeH2xU5ADE7n2Ykvmi9ED3FBGPAjw9u3zucrNNaEBIO0HPSYgL0NT7+3p147ojeSdaVu08F6hjpv31HJg=="],

    "tslib": ["tslib@2.8.1", "", {}, "sha512-oJFu94HQb+KVduSUQL7wnpmqnfmLsOA/nAh6b6EH0wCEoK0/mPeXU6c3wKDV83MkOuHPRHtSXKKU99IBazS/2w=="],

    "tunnel": ["tunnel@0.0.6", "", {}, "sha512-1h/Lnq9yajKY2PEbBadPXj3VxsDDu844OnaAo52UVmIzIvwwtBPIuNvkjuzBlTWpfJyUbG3ez0KSBibQkj4ojg=="],

    "type-fest": ["type-fest@5.3.1", "", { "dependencies": { "tagged-tag": "^1.0.0" } }, "sha512-VCn+LMHbd4t6sF3wfU/+HKT63C9OoyrSIf4b+vtWHpt2U7/4InZG467YDNMFMR70DdHjAdpPWmw2lzRdg0Xqqg=="],

    "typescript": ["typescript@5.9.3", "", { "bin": { "tsc": "bin/tsc", "tsserver": "bin/tsserver" } }, "sha512-jl1vZzPDinLr9eUt3J/t7V6FgNEw9QjvBPdysz9KfQDD41fQrC2Y4vKQdiaUpFT4bXlb1RHhLpp8wtm6M5TgSw=="],

    "undici": ["undici@5.29.0", "", { "dependencies": { "@fastify/busboy": "^2.0.0" } }, "sha512-raqeBD6NQK4SkWhQzeYKd1KmIG6dllBOTt55Rmkt4HtI9mwdWtJljnrXjAFUBLTSN67HWrOIZ3EPF4kjUw80Bg=="],

    "undici-types": ["undici-types@7.16.0", "", {}, "sha512-Zz+aZWSj8LE6zoxD+xrjh4VfkIG8Ya6LvYkZqtUQGJPZjYl53ypCaUwWqo7eI0x66KBGeRo+mlBEkMSeSZ38Nw=="],
  }
}
