{
  "name": "node-typescript-resolver",
  "version": "0.8.0",
  "lockfileVersion": 3,
  "requires": true,
  "packages": {
    "": {
      "name": "node-typescript-resolver",
      "version": "0.8.0",
      "license": "MIT",
      "dependencies": {
        "oxc-resolver": "^11.15.0"
      },
      "devDependencies": {
        "@types/node": "24.10.4",
        "lefthook": "2.0.12",
        "node-test-github-reporter": "1.3.1",
        "oxfmt": "^0.18.0",
        "oxlint": "^1.41.0",
        "oxlint-tsgolint": "^0.11.1",
        "type-fest": "5.3.1",
        "typescript": "5.9.3"
      },
      "engines": {
        "node": ">=22.15.0"
      }
    },
    "node_modules/@actions/core": {
      "version": "1.11.1",
      "resolved": "https://registry.npmjs.org/@actions/core/-/core-1.11.1.tgz",
      "integrity": "sha512-hXJCSrkwfA46Vd9Z3q4cpEpHB1rL5NG04+/rbqW9d3+CSvtB1tYe8UTpAlixa1vj0m/ULglfEK2UKxMGxCxv5A==",
      "dev": true,
      "license": "MIT",
      "dependencies": {
        "@actions/exec": "^1.1.1",
        "@actions/http-client": "^2.0.1"
      }
    },
    "node_modules/@actions/exec": {
      "version": "1.1.1",
      "resolved": "https://registry.npmjs.org/@actions/exec/-/exec-1.1.1.tgz",
      "integrity": "sha512-+sCcHHbVdk93a0XT19ECtO/gIXoxvdsgQLzb2fE2/5sIZmWQuluYyjPQtrtTHdU1YzTZ7bAPN4sITq2xi1679w==",
      "dev": true,
      "license": "MIT",
      "dependencies": {
        "@actions/io": "^1.0.1"
      }
    },
    "node_modules/@actions/http-client": {
      "version": "2.2.3",
      "resolved": "https://registry.npmjs.org/@actions/http-client/-/http-client-2.2.3.tgz",
      "integrity": "sha512-mx8hyJi/hjFvbPokCg4uRd4ZX78t+YyRPtnKWwIl+RzNaVuFpQHfmlGVfsKEJN8LwTCvL+DfVgAM04XaHkm6bA==",
      "dev": true,
      "license": "MIT",
      "dependencies": {
        "tunnel": "^0.0.6",
        "undici": "^5.25.4"
      }
    },
    "node_modules/@actions/io": {
      "version": "1.1.3",
      "resolved": "https://registry.npmjs.org/@actions/io/-/io-1.1.3.tgz",
      "integrity": "sha512-wi9JjgKLYS7U/z8PPbco+PvTb/nRWjeoFlJ1Qer83k/3C5PHQi28hiVdeE2kHXmIL99mQFawx8qt/JPjZilJ8Q==",
      "dev": true,
      "license": "MIT"
    },
    "node_modules/@emnapi/core": {
      "version": "1.8.1",
      "resolved": "https://registry.npmjs.org/@emnapi/core/-/core-1.8.1.tgz",
      "integrity": "sha512-AvT9QFpxK0Zd8J0jopedNm+w/2fIzvtPKPjqyw9jwvBaReTTqPBk9Hixaz7KbjimP+QNz605/XnjFcDAL2pqBg==",
      "license": "MIT",
      "optional": true,
      "dependencies": {
        "@emnapi/wasi-threads": "1.1.0",
        "tslib": "^2.4.0"
      }
    },
    "node_modules/@emnapi/runtime": {
      "version": "1.8.1",
      "resolved": "https://registry.npmjs.org/@emnapi/runtime/-/runtime-1.8.1.tgz",
      "integrity": "sha512-mehfKSMWjjNol8659Z8KxEMrdSJDDot5SXMq00dM8BN4o+CLNXQ0xH2V7EchNHV4RmbZLmmPdEaXZc5H2FXmDg==",
      "license": "MIT",
      "optional": true,
      "dependencies": {
        "tslib": "^2.4.0"
      }
    },
    "node_modules/@emnapi/wasi-threads": {
      "version": "1.1.0",
      "resolved": "https://registry.npmjs.org/@emnapi/wasi-threads/-/wasi-threads-1.1.0.tgz",
      "integrity": "sha512-WI0DdZ8xFSbgMjR1sFsKABJ/C5OnRrjT06JXbZKexJGrDuPTzZdDYfFlsgcCXCyf+suG5QU2e/y1Wo2V/OapLQ==",
      "license": "MIT",
      "optional": true,
      "dependencies": {
        "tslib": "^2.4.0"
      }
    },
    "node_modules/@fastify/busboy": {
      "version": "2.1.1",
      "resolved": "https://registry.npmjs.org/@fastify/busboy/-/busboy-2.1.1.tgz",
      "integrity": "sha512-vBZP4NlzfOlerQTnba4aqZoMhE/a9HY7HRqoOPaETQcSQuWEIyZMHGfVu6w9wGtGK5fED5qRs2DteVCjOH60sA==",
      "dev": true,
      "license": "MIT",
      "engines": {
        "node": ">=14"
      }
    },
    "node_modules/@napi-rs/wasm-runtime": {
      "version": "1.1.1",
      "resolved": "https://registry.npmjs.org/@napi-rs/wasm-runtime/-/wasm-runtime-1.1.1.tgz",
      "integrity": "sha512-p64ah1M1ld8xjWv3qbvFwHiFVWrq1yFvV4f7w+mzaqiR4IlSgkqhcRdHwsGgomwzBH51sRY4NEowLxnaBjcW/A==",
      "license": "MIT",
      "optional": true,
      "dependencies": {
        "@emnapi/core": "^1.7.1",
        "@emnapi/runtime": "^1.7.1",
        "@tybys/wasm-util": "^0.10.1"
      },
      "funding": {
        "type": "github",
        "url": "https://github.com/sponsors/Brooooooklyn"
      }
    },
    "node_modules/@oxc-resolver/binding-android-arm-eabi": {
      "version": "11.16.3",
      "resolved": "https://registry.npmjs.org/@oxc-resolver/binding-android-arm-eabi/-/binding-android-arm-eabi-11.16.3.tgz",
      "integrity": "sha512-CVyWHu6ACDqDcJxR4nmGiG8vDF4TISJHqRNzac5z/gPQycs/QrP/1pDsJBy0MD7jSw8nVq2E5WqeHQKabBG/Jg==",
      "cpu": [
        "arm"
      ],
      "license": "MIT",
      "optional": true,
      "os": [
        "android"
      ]
    },
    "node_modules/@oxc-resolver/binding-android-arm64": {
      "version": "11.16.3",
      "resolved": "https://registry.npmjs.org/@oxc-resolver/binding-android-arm64/-/binding-android-arm64-11.16.3.tgz",
      "integrity": "sha512-tTIoB7plLeh2o6Ay7NnV5CJb6QUXdxI7Shnsp2ECrLSV81k+oVE3WXYrQSh4ltWL75i0OgU5Bj3bsuyg5SMepw==",
      "cpu": [
        "arm64"
      ],
      "license": "MIT",
      "optional": true,
      "os": [
        "android"
      ]
    },
    "node_modules/@oxc-resolver/binding-darwin-arm64": {
      "version": "11.16.3",
      "resolved": "https://registry.npmjs.org/@oxc-resolver/binding-darwin-arm64/-/binding-darwin-arm64-11.16.3.tgz",
      "integrity": "sha512-OXKVH7uwYd3Rbw1s2yJZd6/w+6b01iaokZubYhDAq4tOYArr+YCS+lr81q1hsTPPRZeIsWE+rJLulmf1qHdYZA==",
      "cpu": [
        "arm64"
      ],
      "license": "MIT",
      "optional": true,
      "os": [
        "darwin"
      ]
    },
    "node_modules/@oxc-resolver/binding-darwin-x64": {
      "version": "11.16.3",
      "resolved": "https://registry.npmjs.org/@oxc-resolver/binding-darwin-x64/-/binding-darwin-x64-11.16.3.tgz",
      "integrity": "sha512-WwjQ4WdnCxVYZYd3e3oY5XbV3JeLy9pPMK+eQQ2m8DtqUtbxnvPpAYC2Knv/2bS6q5JiktqOVJ2Hfia3OSo0/A==",
      "cpu": [
        "x64"
      ],
      "license": "MIT",
      "optional": true,
      "os": [
        "darwin"
      ]
    },
    "node_modules/@oxc-resolver/binding-freebsd-x64": {
      "version": "11.16.3",
      "resolved": "https://registry.npmjs.org/@oxc-resolver/binding-freebsd-x64/-/binding-freebsd-x64-11.16.3.tgz",
      "integrity": "sha512-4OHKFGJBBfOnuJnelbCS4eBorI6cj54FUxcZJwEXPeoLc8yzORBoJ2w+fQbwjlQcUUZLEg92uGhKCRiUoqznjg==",
      "cpu": [
        "x64"
      ],
      "license": "MIT",
      "optional": true,
      "os": [
        "freebsd"
      ]
    },
    "node_modules/@oxc-resolver/binding-linux-arm-gnueabihf": {
      "version": "11.16.3",
      "resolved": "https://registry.npmjs.org/@oxc-resolver/binding-linux-arm-gnueabihf/-/binding-linux-arm-gnueabihf-11.16.3.tgz",
      "integrity": "sha512-OM3W0NLt9u7uKwG/yZbeXABansZC0oZeDF1nKgvcZoRw4/Yak6/l4S0onBfDFeYMY94eYeAt2bl60e30lgsb5A==",
      "cpu": [
        "arm"
      ],
      "license": "MIT",
      "optional": true,
      "os": [
        "linux"
      ]
    },
    "node_modules/@oxc-resolver/binding-linux-arm-musleabihf": {
      "version": "11.16.3",
      "resolved": "https://registry.npmjs.org/@oxc-resolver/binding-linux-arm-musleabihf/-/binding-linux-arm-musleabihf-11.16.3.tgz",
      "integrity": "sha512-MRs7D7i1t7ACsAdTuP81gLZES918EpBmiUyEl8fu302yQB+4L7L7z0Ui8BWnthUTQd3nAU9dXvENLK/SqRVH8A==",
      "cpu": [
        "arm"
      ],
      "license": "MIT",
      "optional": true,
      "os": [
        "linux"
      ]
    },
    "node_modules/@oxc-resolver/binding-linux-arm64-gnu": {
      "version": "11.16.3",
      "resolved": "https://registry.npmjs.org/@oxc-resolver/binding-linux-arm64-gnu/-/binding-linux-arm64-gnu-11.16.3.tgz",
      "integrity": "sha512-0eVYZxSceNqGADzhlV4ZRqkHF0fjWxRXQOB7Qwl5y1gN/XYUDvMfip+ngtzj4dM7zQT4U97hUhJ7PUKSy/JIGQ==",
      "cpu": [
        "arm64"
      ],
      "license": "MIT",
      "optional": true,
      "os": [
        "linux"
      ]
    },
    "node_modules/@oxc-resolver/binding-linux-arm64-musl": {
      "version": "11.16.3",
      "resolved": "https://registry.npmjs.org/@oxc-resolver/binding-linux-arm64-musl/-/binding-linux-arm64-musl-11.16.3.tgz",
      "integrity": "sha512-B1BvLeZbgDdVN0FvU40l5Q7lej8310WlabCBaouk8jY7H7xbI8phtomTtk3Efmevgfy5hImaQJu6++OmcFb2NQ==",
      "cpu": [
        "arm64"
      ],
      "license": "MIT",
      "optional": true,
      "os": [
        "linux"
      ]
    },
    "node_modules/@oxc-resolver/binding-linux-ppc64-gnu": {
      "version": "11.16.3",
      "resolved": "https://registry.npmjs.org/@oxc-resolver/binding-linux-ppc64-gnu/-/binding-linux-ppc64-gnu-11.16.3.tgz",
      "integrity": "sha512-q7khglic3Jqak7uDgA3MFnjDeI7krQT595GDZpvFq785fmFYSx8rlTkoHzmhQtUisYtl4XG7WUscwsoidFUI4w==",
      "cpu": [
        "ppc64"
      ],
      "license": "MIT",
      "optional": true,
      "os": [
        "linux"
      ]
    },
    "node_modules/@oxc-resolver/binding-linux-riscv64-gnu": {
      "version": "11.16.3",
      "resolved": "https://registry.npmjs.org/@oxc-resolver/binding-linux-riscv64-gnu/-/binding-linux-riscv64-gnu-11.16.3.tgz",
      "integrity": "sha512-aFRNmQNPzDgQEbw2s3c8yJYRimacSDI+u9df8rn5nSKzTVitHmbEpZqfxpwNLCKIuLSNmozHR1z1OT+oZVeYqg==",
      "cpu": [
        "riscv64"
      ],
      "license": "MIT",
      "optional": true,
      "os": [
        "linux"
      ]
    },
    "node_modules/@oxc-resolver/binding-linux-riscv64-musl": {
      "version": "11.16.3",
      "resolved": "https://registry.npmjs.org/@oxc-resolver/binding-linux-riscv64-musl/-/binding-linux-riscv64-musl-11.16.3.tgz",
      "integrity": "sha512-vZI85SvSMADcEL9G1TIrV0Rlkc1fY5Mup0DdlVC5EHPysZB4hXXHpr+h09pjlK5y+5om5foIzDRxE1baUCaWOA==",
      "cpu": [
        "riscv64"
      ],
      "license": "MIT",
      "optional": true,
      "os": [
        "linux"
      ]
    },
    "node_modules/@oxc-resolver/binding-linux-s390x-gnu": {
      "version": "11.16.3",
      "resolved": "https://registry.npmjs.org/@oxc-resolver/binding-linux-s390x-gnu/-/binding-linux-s390x-gnu-11.16.3.tgz",
      "integrity": "sha512-xiLBnaUlddFEzRHiHiSGEMbkg8EwZY6VD8F+3GfnFsiK3xg/4boaUV2bwXd+nUzl3UDQOMW1QcZJ4jJSb0qiJA==",
      "cpu": [
        "s390x"
      ],
      "license": "MIT",
      "optional": true,
      "os": [
        "linux"
      ]
    },
    "node_modules/@oxc-resolver/binding-linux-x64-gnu": {
      "version": "11.16.3",
      "resolved": "https://registry.npmjs.org/@oxc-resolver/binding-linux-x64-gnu/-/binding-linux-x64-gnu-11.16.3.tgz",
      "integrity": "sha512-6y0b05wIazJJgwu7yU/AYGFswzQQudYJBOb/otDhiDacp1+6ye8egoxx63iVo9lSpDbipL++54AJQFlcOHCB+g==",
      "cpu": [
        "x64"
      ],
      "license": "MIT",
      "optional": true,
      "os": [
        "linux"
      ]
    },
    "node_modules/@oxc-resolver/binding-linux-x64-musl": {
      "version": "11.16.3",
      "resolved": "https://registry.npmjs.org/@oxc-resolver/binding-linux-x64-musl/-/binding-linux-x64-musl-11.16.3.tgz",
      "integrity": "sha512-RmMgwuMa42c9logS7Pjprf5KCp8J1a1bFiuBFtG9/+yMu0BhY2t+0VR/um7pwtkNFvIQqAVh6gDOg/PnoKRcdQ==",
      "cpu": [
        "x64"
      ],
      "license": "MIT",
      "optional": true,
      "os": [
        "linux"
      ]
    },
    "node_modules/@oxc-resolver/binding-openharmony-arm64": {
      "version": "11.16.3",
      "resolved": "https://registry.npmjs.org/@oxc-resolver/binding-openharmony-arm64/-/binding-openharmony-arm64-11.16.3.tgz",
      "integrity": "sha512-/7AYRkjjW7xu1nrHgWUFy99Duj4/ydOBVaHtODie9/M6fFngo+8uQDFFnzmr4q//sd/cchIerISp/8CQ5TsqIA==",
      "cpu": [
        "arm64"
      ],
      "license": "MIT",
      "optional": true,
      "os": [
        "openharmony"
      ]
    },
    "node_modules/@oxc-resolver/binding-wasm32-wasi": {
      "version": "11.16.3",
      "resolved": "https://registry.npmjs.org/@oxc-resolver/binding-wasm32-wasi/-/binding-wasm32-wasi-11.16.3.tgz",
      "integrity": "sha512-urM6aIPbi5di4BSlnpd/TWtDJgG6RD06HvLBuNM+qOYuFtY1/xPbzQ2LanBI2ycpqIoIZwsChyplALwAMdyfCQ==",
      "cpu": [
        "wasm32"
      ],
      "license": "MIT",
      "optional": true,
      "dependencies": {
        "@napi-rs/wasm-runtime": "^1.1.1"
      },
      "engines": {
        "node": ">=14.0.0"
      }
    },
    "node_modules/@oxc-resolver/binding-win32-arm64-msvc": {
      "version": "11.16.3",
      "resolved": "https://registry.npmjs.org/@oxc-resolver/binding-win32-arm64-msvc/-/binding-win32-arm64-msvc-11.16.3.tgz",
      "integrity": "sha512-QuvLqGKf7frxWHQ5TnrcY0C/hJpANsaez99Q4dAk1hen7lDTD4FBPtBzPnntLFXeaVG3PnSmnVjlv0vMILwU7Q==",
      "cpu": [
        "arm64"
      ],
      "license": "MIT",
      "optional": true,
      "os": [
        "win32"
      ]
    },
    "node_modules/@oxc-resolver/binding-win32-ia32-msvc": {
      "version": "11.16.3",
      "resolved": "https://registry.npmjs.org/@oxc-resolver/binding-win32-ia32-msvc/-/binding-win32-ia32-msvc-11.16.3.tgz",
      "integrity": "sha512-QR/witXK6BmYTlEP8CCjC5fxeG5U9A6a50pNpC1nLnhAcJjtzFG8KcQ5etVy/XvCLiDc7fReaAWRNWtCaIhM8Q==",
      "cpu": [
        "ia32"
      ],
      "license": "MIT",
      "optional": true,
      "os": [
        "win32"
      ]
    },
    "node_modules/@oxc-resolver/binding-win32-x64-msvc": {
      "version": "11.16.3",
      "resolved": "https://registry.npmjs.org/@oxc-resolver/binding-win32-x64-msvc/-/binding-win32-x64-msvc-11.16.3.tgz",
      "integrity": "sha512-bFuJRKOscsDAEZ/a8BezcTMAe2BQ/OBRfuMLFUuINfTR5qGVcm4a3xBIrQVepBaPxFj16SJdRjGe05vDiwZmFw==",
      "cpu": [
        "x64"
      ],
      "license": "MIT",
      "optional": true,
      "os": [
        "win32"
      ]
    },
    "node_modules/@oxfmt/darwin-arm64": {
      "version": "0.18.0",
      "resolved": "https://registry.npmjs.org/@oxfmt/darwin-arm64/-/darwin-arm64-0.18.0.tgz",
      "integrity": "sha512-Dp3mOFUtLtG/0eDclI3rx2be5FEnUxh2T6zlq7Zx5Q1c+DS9LJF8H97nQx+O/OU+o0e0J90kN8Msf9v3j7Hhsg==",
      "cpu": [
        "arm64"
      ],
      "dev": true,
      "license": "MIT",
      "optional": true,
      "os": [
        "darwin"
      ]
    },
    "node_modules/@oxfmt/darwin-x64": {
      "version": "0.18.0",
      "resolved": "https://registry.npmjs.org/@oxfmt/darwin-x64/-/darwin-x64-0.18.0.tgz",
      "integrity": "sha512-Oe3KS4tdfLq+f1Ebje7D9BF7/0xmBYSMN6dWatSko1xfvu8oCZzKcNCcbwz0a8rBnoH/BnIiGFUEbgJDnA/JLQ==",
      "cpu": [
        "x64"
      ],
      "dev": true,
      "license": "MIT",
      "optional": true,
      "os": [
        "darwin"
      ]
    },
    "node_modules/@oxfmt/linux-arm64-gnu": {
      "version": "0.18.0",
      "resolved": "https://registry.npmjs.org/@oxfmt/linux-arm64-gnu/-/linux-arm64-gnu-0.18.0.tgz",
      "integrity": "sha512-zW9z8LrAgL9bswgsaFOnQmoImCbq9YQST8B15FAoTeZYr9sb/VfdD6/PQEBLCptYlFmoTvmDNHjppi9g61NwHQ==",
      "cpu": [
        "arm64"
      ],
      "dev": true,
      "license": "MIT",
      "optional": true,
      "os": [
        "linux"
      ]
    },
    "node_modules/@oxfmt/linux-arm64-musl": {
      "version": "0.18.0",
      "resolved": "https://registry.npmjs.org/@oxfmt/linux-arm64-musl/-/linux-arm64-musl-0.18.0.tgz",
      "integrity": "sha512-mFnpcasZZv1s/+6YDPradhIgR2G7GWr+mnzgJMIKQOJAtX3b0vzG+FE4f7hDIZPEUhC0hvZSd8f31FjAtrX0aQ==",
      "cpu": [
        "arm64"
      ],
      "dev": true,
      "license": "MIT",
      "optional": true,
      "os": [
        "linux"
      ]
    },
    "node_modules/@oxfmt/linux-x64-gnu": {
      "version": "0.18.0",
      "resolved": "https://registry.npmjs.org/@oxfmt/linux-x64-gnu/-/linux-x64-gnu-0.18.0.tgz",
      "integrity": "sha512-G1AXQNHVkPgVgRrAvDYdNi0x3gkvVyEmpL6WLMwoSjMnwYWQLt5/jrndHbS2Db8/CcmMo6VPP8lUQGvM4TRVaQ==",
      "cpu": [
        "x64"
      ],
      "dev": true,
      "license": "MIT",
      "optional": true,
      "os": [
        "linux"
      ]
    },
    "node_modules/@oxfmt/linux-x64-musl": {
      "version": "0.18.0",
      "resolved": "https://registry.npmjs.org/@oxfmt/linux-x64-musl/-/linux-x64-musl-0.18.0.tgz",
      "integrity": "sha512-M/KEIMHDr5lcK9gDxgIGr9xVwX7Pfl3PZs+6e8SySuckMgoJMkee6uWxhMdxws3dfU94saAkVmNQzM2+l3hvtA==",
      "cpu": [
        "x64"
      ],
      "dev": true,
      "license": "MIT",
      "optional": true,
      "os": [
        "linux"
      ]
    },
    "node_modules/@oxfmt/win32-arm64": {
      "version": "0.18.0",
      "resolved": "https://registry.npmjs.org/@oxfmt/win32-arm64/-/win32-arm64-0.18.0.tgz",
      "integrity": "sha512-LunuNBTLOgfkYFjiHOeNHD/Ii5paO/GVyNPSEYBwEPULbdeMGnjHqxzQHLGU8QIQjwu55mp4uuBP0DAXTli2TQ==",
      "cpu": [
        "arm64"
      ],
      "dev": true,
      "license": "MIT",
      "optional": true,
      "os": [
        "win32"
      ]
    },
    "node_modules/@oxfmt/win32-x64": {
      "version": "0.18.0",
      "resolved": "https://registry.npmjs.org/@oxfmt/win32-x64/-/win32-x64-0.18.0.tgz",
      "integrity": "sha512-0kJJwn4FPeGJ4uV6ofOCiY+oBKWg+RWpRjYc9bywTjDbxWR6JAqtuXkiARCJej8UD/rJeXnHYTF78sFALkwZyA==",
      "cpu": [
        "x64"
      ],
      "dev": true,
      "license": "MIT",
      "optional": true,
      "os": [
        "win32"
      ]
    },
    "node_modules/@oxlint-tsgolint/darwin-arm64": {
      "version": "0.11.1",
      "resolved": "https://registry.npmjs.org/@oxlint-tsgolint/darwin-arm64/-/darwin-arm64-0.11.1.tgz",
      "integrity": "sha512-UJIOFeJZpFTJIGS+bMdFXcvjslvnXBEouMvzynfQD7RTazcFIRLbokYgEbhrN2P6B352Ut1TUtvR0CLAp/9QfA==",
      "cpu": [
        "arm64"
      ],
      "dev": true,
      "license": "MIT",
      "optional": true,
      "os": [
        "darwin"
      ]
    },
    "node_modules/@oxlint-tsgolint/darwin-x64": {
      "version": "0.11.1",
      "resolved": "https://registry.npmjs.org/@oxlint-tsgolint/darwin-x64/-/darwin-x64-0.11.1.tgz",
      "integrity": "sha512-68O8YvexIm+ISZKl2vBFII1dMfLrteDyPcuCIecDuiBIj2tV0KYq13zpSCMz4dvJUWJW6RmOOGZKrkkvOAy6uQ==",
      "cpu": [
        "x64"
      ],
      "dev": true,
      "license": "MIT",
      "optional": true,
      "os": [
        "darwin"
      ]
    },
    "node_modules/@oxlint-tsgolint/linux-arm64": {
      "version": "0.11.1",
      "resolved": "https://registry.npmjs.org/@oxlint-tsgolint/linux-arm64/-/linux-arm64-0.11.1.tgz",
      "integrity": "sha512-hXBInrFxPNbPPbPQYozo8YpSsFFYdtHBWRUiLMxul71vTy1CdSA7H5Qq2KbrKomr/ASmhvIDVAQZxh9hIJNHMA==",
      "cpu": [
        "arm64"
      ],
      "dev": true,
      "license": "MIT",
      "optional": true,
      "os": [
        "linux"
      ]
    },
    "node_modules/@oxlint-tsgolint/linux-x64": {
      "version": "0.11.1",
      "resolved": "https://registry.npmjs.org/@oxlint-tsgolint/linux-x64/-/linux-x64-0.11.1.tgz",
      "integrity": "sha512-aMaGctlwrJhaIQPOdVJR+AGHZGPm4D1pJ457l0SqZt4dLXAhuUt2ene6cUUGF+864R7bDyFVGZqbZHODYpENyA==",
      "cpu": [
        "x64"
      ],
      "dev": true,
      "license": "MIT",
      "optional": true,
      "os": [
        "linux"
      ]
    },
    "node_modules/@oxlint-tsgolint/win32-arm64": {
      "version": "0.11.1",
      "resolved": "https://registry.npmjs.org/@oxlint-tsgolint/win32-arm64/-/win32-arm64-0.11.1.tgz",
      "integrity": "sha512-ipOs6kKo8fz5n5LSHvcbyZFmEpEIsh2m7+B03RW3jGjBEPMiXb4PfKNuxnusFYTtJM9WaR3bCVm5UxeJTA8r3w==",
      "cpu": [
        "arm64"
      ],
      "dev": true,
      "license": "MIT",
      "optional": true,
      "os": [
        "win32"
      ]
    },
    "node_modules/@oxlint-tsgolint/win32-x64": {
      "version": "0.11.1",
      "resolved": "https://registry.npmjs.org/@oxlint-tsgolint/win32-x64/-/win32-x64-0.11.1.tgz",
      "integrity": "sha512-m2apsAXg6qU3ulQG45W/qshyEpOjoL+uaQyXJG5dBoDoa66XPtCaSkBlKltD0EwGu0aoB8lM4I5I3OzQ6raNhw==",
      "cpu": [
        "x64"
      ],
      "dev": true,
      "license": "MIT",
      "optional": true,
      "os": [
        "win32"
      ]
    },
    "node_modules/@oxlint/darwin-arm64": {
      "version": "1.41.0",
      "resolved": "https://registry.npmjs.org/@oxlint/darwin-arm64/-/darwin-arm64-1.41.0.tgz",
      "integrity": "sha512-K0Bs0cNW11oWdSrKmrollKF44HMM2HKr4QidZQHMlhJcSX8pozxv0V5FLdqB4sddzCY0J9Wuuw+oRAfR8sdRwA==",
      "cpu": [
        "arm64"
      ],
      "dev": true,
      "license": "MIT",
      "optional": true,
      "os": [
        "darwin"
      ]
    },
    "node_modules/@oxlint/darwin-x64": {
      "version": "1.41.0",
      "resolved": "https://registry.npmjs.org/@oxlint/darwin-x64/-/darwin-x64-1.41.0.tgz",
      "integrity": "sha512-1LCCXCe9nN8LbrJ1QOGari2HqnxrZrveYKysWDIg8gFsQglIg00XF/8lRbA0kWHMdLgt4X0wfNYhhFz+c3XXLQ==",
      "cpu": [
        "x64"
      ],
      "dev": true,
      "license": "MIT",
      "optional": true,
      "os": [
        "darwin"
      ]
    },
    "node_modules/@oxlint/linux-arm64-gnu": {
      "version": "1.41.0",
      "resolved": "https://registry.npmjs.org/@oxlint/linux-arm64-gnu/-/linux-arm64-gnu-1.41.0.tgz",
      "integrity": "sha512-Fow7H84Bs8XxuaK1yfSEWBC8HI7rfEQB9eR2A0J61un1WgCas7jNrt1HbT6+p6KmUH2bhR+r/RDu/6JFAvvj4g==",
      "cpu": [
        "arm64"
      ],
      "dev": true,
      "license": "MIT",
      "optional": true,
      "os": [
        "linux"
      ]
    },
    "node_modules/@oxlint/linux-arm64-musl": {
      "version": "1.41.0",
      "resolved": "https://registry.npmjs.org/@oxlint/linux-arm64-musl/-/linux-arm64-musl-1.41.0.tgz",
      "integrity": "sha512-WoRRDNwgP5W3rjRh42Zdx8ferYnqpKoYCv2QQLenmdrLjRGYwAd52uywfkcS45mKEWHeY1RPwPkYCSROXiGb2w==",
      "cpu": [
        "arm64"
      ],
      "dev": true,
      "license": "MIT",
      "optional": true,
      "os": [
        "linux"
      ]
    },
    "node_modules/@oxlint/linux-x64-gnu": {
      "version": "1.41.0",
      "resolved": "https://registry.npmjs.org/@oxlint/linux-x64-gnu/-/linux-x64-gnu-1.41.0.tgz",
      "integrity": "sha512-75k3CKj3fOc/a/2aSgO81s3HsTZOFROthPJ+UI2Oatic1LhvH6eKjKfx3jDDyVpzeDS2qekPlc/y3N33iZz5Og==",
      "cpu": [
        "x64"
      ],
      "dev": true,
      "license": "MIT",
      "optional": true,
      "os": [
        "linux"
      ]
    },
    "node_modules/@oxlint/linux-x64-musl": {
      "version": "1.41.0",
      "resolved": "https://registry.npmjs.org/@oxlint/linux-x64-musl/-/linux-x64-musl-1.41.0.tgz",
      "integrity": "sha512-8r82eBwGPoAPn67ZvdxTlX/Z3gVb+ZtN6nbkyFzwwHWAh8yGutX+VBcVkyrePSl6XgBP4QAaddPnHmkvJjqY0g==",
      "cpu": [
        "x64"
      ],
      "dev": true,
      "license": "MIT",
      "optional": true,
      "os": [
        "linux"
      ]
    },
    "node_modules/@oxlint/win32-arm64": {
      "version": "1.41.0",
      "resolved": "https://registry.npmjs.org/@oxlint/win32-arm64/-/win32-arm64-1.41.0.tgz",
      "integrity": "sha512-aK+DAcckQsNCOXKruatyYuY/ROjNiRejQB1PeJtkZwM21+8rV9ODYbvKNvt0pW+YCws7svftBSFMCpl3ke2unw==",
      "cpu": [
        "arm64"
      ],
      "dev": true,
      "license": "MIT",
      "optional": true,
      "os": [
        "win32"
      ]
    },
    "node_modules/@oxlint/win32-x64": {
      "version": "1.41.0",
      "resolved": "https://registry.npmjs.org/@oxlint/win32-x64/-/win32-x64-1.41.0.tgz",
      "integrity": "sha512-dVBXkZ6MGLd3owV7jvuqJsZwiF3qw7kEkDVsYVpS/O96eEvlHcxVbaPjJjrTBgikXqyC22vg3dxBU7MW0utGfw==",
      "cpu": [
        "x64"
      ],
      "dev": true,
      "license": "MIT",
      "optional": true,
      "os": [
        "win32"
      ]
    },
    "node_modules/@tybys/wasm-util": {
      "version": "0.10.1",
      "resolved": "https://registry.npmjs.org/@tybys/wasm-util/-/wasm-util-0.10.1.tgz",
      "integrity": "sha512-9tTaPJLSiejZKx+Bmog4uSubteqTvFrVrURwkmHixBo0G4seD0zUxp98E1DzUBJxLQ3NPwXrGKDiVjwx/DpPsg==",
      "license": "MIT",
      "optional": true,
      "dependencies": {
        "tslib": "^2.4.0"
      }
    },
    "node_modules/@types/node": {
      "version": "24.10.4",
      "resolved": "https://registry.npmjs.org/@types/node/-/node-24.10.4.tgz",
      "integrity": "sha512-vnDVpYPMzs4wunl27jHrfmwojOGKya0xyM3sH+UE5iv5uPS6vX7UIoh6m+vQc5LGBq52HBKPIn/zcSZVzeDEZg==",
      "dev": true,
      "license": "MIT",
      "dependencies": {
        "undici-types": "~7.16.0"
      }
    },
    "node_modules/error-stack-parser": {
      "version": "2.1.4",
      "resolved": "https://registry.npmjs.org/error-stack-parser/-/error-stack-parser-2.1.4.tgz",
      "integrity": "sha512-Sk5V6wVazPhq5MhpO+AUxJn5x7XSXGl1R93Vn7i+zS15KDVxQijejNCrz8340/2bgLBjR9GtEG8ZVKONDjcqGQ==",
      "dev": true,
      "license": "MIT",
      "dependencies": {
        "stackframe": "^1.3.4"
      }
    },
    "node_modules/escape-string-regexp": {
      "version": "2.0.0",
      "resolved": "https://registry.npmjs.org/escape-string-regexp/-/escape-string-regexp-2.0.0.tgz",
      "integrity": "sha512-UpzcLCXolUWcNu5HtVMHYdXJjArjsF9C0aNnquZYY4uW/Vu0miy5YoWvbV345HauVvcAUnpRuhMMcqTcGOY2+w==",
      "dev": true,
      "license": "MIT",
      "engines": {
        "node": ">=8"
      }
    },
    "node_modules/lefthook": {
      "version": "2.0.12",
      "resolved": "https://registry.npmjs.org/lefthook/-/lefthook-2.0.12.tgz",
      "integrity": "sha512-I2FdA9cdnq1icwlNz4RADs7exuqe47q1N9+p2LmcP/WfchWh16mvTB82OAD7w7zK9GxblS9GpF7pASaOSl4c7A==",
      "dev": true,
      "hasInstallScript": true,
      "license": "MIT",
      "bin": {
        "lefthook": "bin/index.js"
      },
      "optionalDependencies": {
        "lefthook-darwin-arm64": "2.0.12",
        "lefthook-darwin-x64": "2.0.12",
        "lefthook-freebsd-arm64": "2.0.12",
        "lefthook-freebsd-x64": "2.0.12",
        "lefthook-linux-arm64": "2.0.12",
        "lefthook-linux-x64": "2.0.12",
        "lefthook-openbsd-arm64": "2.0.12",
        "lefthook-openbsd-x64": "2.0.12",
        "lefthook-windows-arm64": "2.0.12",
        "lefthook-windows-x64": "2.0.12"
      }
    },
    "node_modules/lefthook-darwin-arm64": {
      "version": "2.0.12",
      "resolved": "https://registry.npmjs.org/lefthook-darwin-arm64/-/lefthook-darwin-arm64-2.0.12.tgz",
      "integrity": "sha512-tuBz1sNLien+nKKb8BDopKjS6EnbXU8rQzhMVBY+bnVfsTiYDfbBr4wo/IzA5TcwoTL/b5somCJhljEw6DvSyg==",
      "cpu": [
        "arm64"
      ],
      "dev": true,
      "license": "MIT",
      "optional": true,
      "os": [
        "darwin"
      ]
    },
    "node_modules/lefthook-darwin-x64": {
      "version": "2.0.12",
      "resolved": "https://registry.npmjs.org/lefthook-darwin-x64/-/lefthook-darwin-x64-2.0.12.tgz",
      "integrity": "sha512-FnuUMPPRMJyTEPXg6PotSrFJ8qf8FDLhhD1zLh74D+9Cye5j9n3lcrCQEjXubPT8du/GZLxMBjjffRbcZ8eYDA==",
      "cpu": [
        "x64"
      ],
      "dev": true,
      "license": "MIT",
      "optional": true,
      "os": [
        "darwin"
      ]
    },
    "node_modules/lefthook-freebsd-arm64": {
      "version": "2.0.12",
      "resolved": "https://registry.npmjs.org/lefthook-freebsd-arm64/-/lefthook-freebsd-arm64-2.0.12.tgz",
      "integrity": "sha512-DXElB0qR5e6a8cXkFNYakhwCieypbfh6Y4QG39pzMnLsG03g/nhe093o6owfiUZ4mUFyDM6+0xmy0steOooF2g==",
      "cpu": [
        "arm64"
      ],
      "dev": true,
      "license": "MIT",
      "optional": true,
      "os": [
        "freebsd"
      ]
    },
    "node_modules/lefthook-freebsd-x64": {
      "version": "2.0.12",
      "resolved": "https://registry.npmjs.org/lefthook-freebsd-x64/-/lefthook-freebsd-x64-2.0.12.tgz",
      "integrity": "sha512-iJN1ZxFeaDi4Fi3b9jcW9wgyNl19LOv2NaVOaAi/tG6mlIn196cmSdXkOA3+943ZbqbdfV9I+bBcIKwneXDA3Q==",
      "cpu": [
        "x64"
      ],
      "dev": true,
      "license": "MIT",
      "optional": true,
      "os": [
        "freebsd"
      ]
    },
    "node_modules/lefthook-linux-arm64": {
      "version": "2.0.12",
      "resolved": "https://registry.npmjs.org/lefthook-linux-arm64/-/lefthook-linux-arm64-2.0.12.tgz",
      "integrity": "sha512-byvmO4Iri6P0COwM8c3lGgeCV3Q0hh1XJpRfrcZDr4Wslq9O63t6J3T6i87oOtY+UjC9pXLl6xGk6hlUcHZ3BQ==",
      "cpu": [
        "arm64"
      ],
      "dev": true,
      "license": "MIT",
      "optional": true,
      "os": [
        "linux"
      ]
    },
    "node_modules/lefthook-linux-x64": {
      "version": "2.0.12",
      "resolved": "https://registry.npmjs.org/lefthook-linux-x64/-/lefthook-linux-x64-2.0.12.tgz",
      "integrity": "sha512-KBaiinmf336rA+/dmYs7H7TTeAOByB0CyLA7k8IecTCuaiuKr6ez7ktSjht19poa5G+V0mts4GgEGcx6HViR0w==",
      "cpu": [
        "x64"
      ],
      "dev": true,
      "license": "MIT",
      "optional": true,
      "os": [
        "linux"
      ]
    },
    "node_modules/lefthook-openbsd-arm64": {
      "version": "2.0.12",
      "resolved": "https://registry.npmjs.org/lefthook-openbsd-arm64/-/lefthook-openbsd-arm64-2.0.12.tgz",
      "integrity": "sha512-1QBMXX1UW5rtgC4TB52OKWB7Rz/kCBRB+bKKLT/gDD79aPzLgJANTitQQzgFNIWoa7aM9UvzvIAJzOo6FcFIbg==",
      "cpu": [
        "arm64"
      ],
      "dev": true,
      "license": "MIT",
      "optional": true,
      "os": [
        "openbsd"
      ]
    },
    "node_modules/lefthook-openbsd-x64": {
      "version": "2.0.12",
      "resolved": "https://registry.npmjs.org/lefthook-openbsd-x64/-/lefthook-openbsd-x64-2.0.12.tgz",
      "integrity": "sha512-zPcvUzs65GexRA37UHmaZqWuEGSU/zpBaPIY98MybXzzcJfCIf+O0oUQe2riMllwYGvNW0B1y3NOYRziDNe/vA==",
      "cpu": [
        "x64"
      ],
      "dev": true,
      "license": "MIT",
      "optional": true,
      "os": [
        "openbsd"
      ]
    },
    "node_modules/lefthook-windows-arm64": {
      "version": "2.0.12",
      "resolved": "https://registry.npmjs.org/lefthook-windows-arm64/-/lefthook-windows-arm64-2.0.12.tgz",
      "integrity": "sha512-kgwxguS2GssoHM4SMTp+ArD/Gjg9q5MinD6iI5vSFpuJygD13ZWiXQQfESMHq9y/v1XkD0BdHTJej49dx8P+Vw==",
      "cpu": [
        "arm64"
      ],
      "dev": true,
      "license": "MIT",
      "optional": true,
      "os": [
        "win32"
      ]
    },
    "node_modules/lefthook-windows-x64": {
      "version": "2.0.12",
      "resolved": "https://registry.npmjs.org/lefthook-windows-x64/-/lefthook-windows-x64-2.0.12.tgz",
      "integrity": "sha512-Tf/VtSOtF3rBTc9dzRWROa+HuhqaiIV+Xp+1gzlx5+uCueLM0m87Rz6yd4IN5mL7TrDaNkiRXI3FvjCp0dUE4Q==",
      "cpu": [
        "x64"
      ],
      "dev": true,
      "license": "MIT",
      "optional": true,
      "os": [
        "win32"
      ]
    },
    "node_modules/node-test-github-reporter": {
      "version": "1.3.1",
      "resolved": "https://registry.npmjs.org/node-test-github-reporter/-/node-test-github-reporter-1.3.1.tgz",
      "integrity": "sha512-SHWaJmTClc1DAEu0UFvjvw2AK2pOhoos2YDifTc59VhbUI7Ro0j4xlqZtqMVuGd/s9gMrQspkhwHCMFDjk+0cg==",
      "dev": true,
      "license": "MIT",
      "dependencies": {
        "@actions/core": "^1.10.0",
        "error-stack-parser": "^2.1.4",
        "node-test-parser": "^3.0.0",
        "stack-utils": "^2.0.6"
      }
    },
    "node_modules/node-test-parser": {
      "version": "3.1.0",
      "resolved": "https://registry.npmjs.org/node-test-parser/-/node-test-parser-3.1.0.tgz",
      "integrity": "sha512-e9CLgS/wOMVlpWI63U27wxv8Lq0jMiO2JWirhRKflLsUMHWVoh/ruEibsw1YDCgOwHZiSyNW/QXNTo9cuB7Qpw==",
      "dev": true,
      "license": "MIT"
    },
    "node_modules/oxc-resolver": {
      "version": "11.16.3",
      "resolved": "https://registry.npmjs.org/oxc-resolver/-/oxc-resolver-11.16.3.tgz",
      "integrity": "sha512-goLOJH3x69VouGWGp5CgCIHyksmOZzXr36lsRmQz1APg3SPFORrvV2q7nsUHMzLVa6ZJgNwkgUSJFsbCpAWkCA==",
      "license": "MIT",
      "funding": {
        "url": "https://github.com/sponsors/Boshen"
      },
      "optionalDependencies": {
        "@oxc-resolver/binding-android-arm-eabi": "11.16.3",
        "@oxc-resolver/binding-android-arm64": "11.16.3",
        "@oxc-resolver/binding-darwin-arm64": "11.16.3",
        "@oxc-resolver/binding-darwin-x64": "11.16.3",
        "@oxc-resolver/binding-freebsd-x64": "11.16.3",
        "@oxc-resolver/binding-linux-arm-gnueabihf": "11.16.3",
        "@oxc-resolver/binding-linux-arm-musleabihf": "11.16.3",
        "@oxc-resolver/binding-linux-arm64-gnu": "11.16.3",
        "@oxc-resolver/binding-linux-arm64-musl": "11.16.3",
        "@oxc-resolver/binding-linux-ppc64-gnu": "11.16.3",
        "@oxc-resolver/binding-linux-riscv64-gnu": "11.16.3",
        "@oxc-resolver/binding-linux-riscv64-musl": "11.16.3",
        "@oxc-resolver/binding-linux-s390x-gnu": "11.16.3",
        "@oxc-resolver/binding-linux-x64-gnu": "11.16.3",
        "@oxc-resolver/binding-linux-x64-musl": "11.16.3",
        "@oxc-resolver/binding-openharmony-arm64": "11.16.3",
        "@oxc-resolver/binding-wasm32-wasi": "11.16.3",
        "@oxc-resolver/binding-win32-arm64-msvc": "11.16.3",
        "@oxc-resolver/binding-win32-ia32-msvc": "11.16.3",
        "@oxc-resolver/binding-win32-x64-msvc": "11.16.3"
      }
    },
    "node_modules/oxfmt": {
      "version": "0.18.0",
      "resolved": "https://registry.npmjs.org/oxfmt/-/oxfmt-0.18.0.tgz",
      "integrity": "sha512-XqVS+LQi7ARsFlIftB69+jGN2qQaJNBjQU2b9ZQYt+iaUV9digh+dBIsU0isQIZhaQ1ihxGFfsTYQXE/Oak8Qw==",
      "dev": true,
      "license": "MIT",
      "dependencies": {
        "tinypool": "2.0.0"
      },
      "bin": {
        "oxfmt": "bin/oxfmt"
      },
      "engines": {
        "node": "^20.19.0 || >=22.12.0"
      },
      "funding": {
        "url": "https://github.com/sponsors/Boshen"
      },
      "optionalDependencies": {
        "@oxfmt/darwin-arm64": "0.18.0",
        "@oxfmt/darwin-x64": "0.18.0",
        "@oxfmt/linux-arm64-gnu": "0.18.0",
        "@oxfmt/linux-arm64-musl": "0.18.0",
        "@oxfmt/linux-x64-gnu": "0.18.0",
        "@oxfmt/linux-x64-musl": "0.18.0",
        "@oxfmt/win32-arm64": "0.18.0",
        "@oxfmt/win32-x64": "0.18.0"
      }
    },
    "node_modules/oxlint": {
      "version": "1.41.0",
      "resolved": "https://registry.npmjs.org/oxlint/-/oxlint-1.41.0.tgz",
      "integrity": "sha512-Dyaoup82uhgAgp5xLNt4dPdvl5eSJTIzqzL7DcKbkooUE4PDViWURIPlSUF8hu5a+sCnNIp/LlQMDsKoyaLTBA==",
      "dev": true,
      "license": "MIT",
      "bin": {
        "oxlint": "bin/oxlint"
      },
      "engines": {
        "node": "^20.19.0 || >=22.12.0"
      },
      "funding": {
        "url": "https://github.com/sponsors/Boshen"
      },
      "optionalDependencies": {
        "@oxlint/darwin-arm64": "1.41.0",
        "@oxlint/darwin-x64": "1.41.0",
        "@oxlint/linux-arm64-gnu": "1.41.0",
        "@oxlint/linux-arm64-musl": "1.41.0",
        "@oxlint/linux-x64-gnu": "1.41.0",
        "@oxlint/linux-x64-musl": "1.41.0",
        "@oxlint/win32-arm64": "1.41.0",
        "@oxlint/win32-x64": "1.41.0"
      },
      "peerDependencies": {
        "oxlint-tsgolint": ">=0.11.1"
      },
      "peerDependenciesMeta": {
        "oxlint-tsgolint": {
          "optional": true
        }
      }
    },
    "node_modules/oxlint-tsgolint": {
      "version": "0.11.1",
      "resolved": "https://registry.npmjs.org/oxlint-tsgolint/-/oxlint-tsgolint-0.11.1.tgz",
      "integrity": "sha512-WulCp+0/6RvpM4zPv+dAXybf03QvRA8ATxaBlmj4XMIQqTs5jeq3cUTk48WCt4CpLwKhyyGZPHmjLl1KHQ/cvA==",
      "dev": true,
      "license": "MIT",
      "bin": {
        "tsgolint": "bin/tsgolint.js"
      },
      "optionalDependencies": {
        "@oxlint-tsgolint/darwin-arm64": "0.11.1",
        "@oxlint-tsgolint/darwin-x64": "0.11.1",
        "@oxlint-tsgolint/linux-arm64": "0.11.1",
        "@oxlint-tsgolint/linux-x64": "0.11.1",
        "@oxlint-tsgolint/win32-arm64": "0.11.1",
        "@oxlint-tsgolint/win32-x64": "0.11.1"
      }
    },
    "node_modules/stack-utils": {
      "version": "2.0.6",
      "resolved": "https://registry.npmjs.org/stack-utils/-/stack-utils-2.0.6.tgz",
      "integrity": "sha512-XlkWvfIm6RmsWtNJx+uqtKLS8eqFbxUg0ZzLXqY0caEy9l7hruX8IpiDnjsLavoBgqCCR71TqWO8MaXYheJ3RQ==",
      "dev": true,
      "license": "MIT",
      "dependencies": {
        "escape-string-regexp": "^2.0.0"
      },
      "engines": {
        "node": ">=10"
      }
    },
    "node_modules/stackframe": {
      "version": "1.3.4",
      "resolved": "https://registry.npmjs.org/stackframe/-/stackframe-1.3.4.tgz",
      "integrity": "sha512-oeVtt7eWQS+Na6F//S4kJ2K2VbRlS9D43mAlMyVpVWovy9o+jfgH8O9agzANzaiLjclA0oYzUXEM4PurhSUChw==",
      "dev": true,
      "license": "MIT"
    },
    "node_modules/tagged-tag": {
      "version": "1.0.0",
      "resolved": "https://registry.npmjs.org/tagged-tag/-/tagged-tag-1.0.0.tgz",
      "integrity": "sha512-yEFYrVhod+hdNyx7g5Bnkkb0G6si8HJurOoOEgC8B/O0uXLHlaey/65KRv6cuWBNhBgHKAROVpc7QyYqE5gFng==",
      "dev": true,
      "license": "MIT",
      "engines": {
        "node": ">=20"
      },
      "funding": {
        "url": "https://github.com/sponsors/sindresorhus"
      }
    },
    "node_modules/tinypool": {
      "version": "2.0.0",
      "resolved": "https://registry.npmjs.org/tinypool/-/tinypool-2.0.0.tgz",
      "integrity": "sha512-/RX9RzeH2xU5ADE7n2Ykvmi9ED3FBGPAjw9u3zucrNNaEBIO0HPSYgL0NT7+3p147ojeSdaVu08F6hjpv31HJg==",
      "dev": true,
      "license": "MIT",
      "engines": {
        "node": "^20.0.0 || >=22.0.0"
      }
    },
    "node_modules/tslib": {
      "version": "2.8.1",
      "resolved": "https://registry.npmjs.org/tslib/-/tslib-2.8.1.tgz",
      "integrity": "sha512-oJFu94HQb+KVduSUQL7wnpmqnfmLsOA/nAh6b6EH0wCEoK0/mPeXU6c3wKDV83MkOuHPRHtSXKKU99IBazS/2w==",
      "license": "0BSD",
      "optional": true
    },
    "node_modules/tunnel": {
      "version": "0.0.6",
      "resolved": "https://registry.npmjs.org/tunnel/-/tunnel-0.0.6.tgz",
      "integrity": "sha512-1h/Lnq9yajKY2PEbBadPXj3VxsDDu844OnaAo52UVmIzIvwwtBPIuNvkjuzBlTWpfJyUbG3ez0KSBibQkj4ojg==",
      "dev": true,
      "license": "MIT",
      "engines": {
        "node": ">=0.6.11 <=0.7.0 || >=0.7.3"
      }
    },
    "node_modules/type-fest": {
      "version": "5.3.1",
      "resolved": "https://registry.npmjs.org/type-fest/-/type-fest-5.3.1.tgz",
      "integrity": "sha512-VCn+LMHbd4t6sF3wfU/+HKT63C9OoyrSIf4b+vtWHpt2U7/4InZG467YDNMFMR70DdHjAdpPWmw2lzRdg0Xqqg==",
      "dev": true,
      "license": "(MIT OR CC0-1.0)",
      "dependencies": {
        "tagged-tag": "^1.0.0"
      },
      "engines": {
        "node": ">=20"
      },
      "funding": {
        "url": "https://github.com/sponsors/sindresorhus"
      }
    },
    "node_modules/typescript": {
      "version": "5.9.3",
      "resolved": "https://registry.npmjs.org/typescript/-/typescript-5.9.3.tgz",
      "integrity": "sha512-jl1vZzPDinLr9eUt3J/t7V6FgNEw9QjvBPdysz9KfQDD41fQrC2Y4vKQdiaUpFT4bXlb1RHhLpp8wtm6M5TgSw==",
      "dev": true,
      "license": "Apache-2.0",
      "bin": {
        "tsc": "bin/tsc",
        "tsserver": "bin/tsserver"
      },
      "engines": {
        "node": ">=14.17"
      }
    },
    "node_modules/undici": {
      "version": "5.29.0",
      "resolved": "https://registry.npmjs.org/undici/-/undici-5.29.0.tgz",
      "integrity": "sha512-raqeBD6NQK4SkWhQzeYKd1KmIG6dllBOTt55Rmkt4HtI9mwdWtJljnrXjAFUBLTSN67HWrOIZ3EPF4kjUw80Bg==",
      "dev": true,
      "license": "MIT",
      "dependencies": {
        "@fastify/busboy": "^2.0.0"
      },
      "engines": {
        "node": ">=14.0"
      }
    },
    "node_modules/undici-types": {
      "version": "7.16.0",
      "resolved": "https://registry.npmjs.org/undici-types/-/undici-types-7.16.0.tgz",
      "integrity": "sha512-Zz+aZWSj8LE6zoxD+xrjh4VfkIG8Ya6LvYkZqtUQGJPZjYl53ypCaUwWqo7eI0x66KBGeRo+mlBEkMSeSZ38Nw==",
      "dev": true,
      "license": "MIT"
    }
  }
}
