{
  "name": "node-typescript-resolver",
  "version": "0.1.0",
  "lockfileVersion": 3,
  "requires": true,
  "packages": {
    "": {
      "name": "node-typescript-resolver",
      "version": "0.1.0",
      "license": "MIT",
      "dependencies": {
        "oxc-resolver": "^11.13.1"
      },
      "devDependencies": {
        "@types/node": "^22.0.0",
        "typescript": "^5.6.3"
      },
      "engines": {
        "node": ">=22.7.0"
      }
    },
    "node_modules/@emnapi/core": {
      "version": "1.7.0",
      "resolved": "https://registry.npmjs.org/@emnapi/core/-/core-1.7.0.tgz",
      "integrity": "sha512-pJdKGq/1iquWYtv1RRSljZklxHCOCAJFJrImO5ZLKPJVJlVUcs8yFwNQlqS0Lo8xT1VAXXTCZocF9n26FWEKsw==",
      "license": "MIT",
      "optional": true,
      "dependencies": {
        "@emnapi/wasi-threads": "1.1.0",
        "tslib": "^2.4.0"
      }
    },
    "node_modules/@emnapi/runtime": {
      "version": "1.7.0",
      "resolved": "https://registry.npmjs.org/@emnapi/runtime/-/runtime-1.7.0.tgz",
      "integrity": "sha512-oAYoQnCYaQZKVS53Fq23ceWMRxq5EhQsE0x0RdQ55jT7wagMu5k+fS39v1fiSLrtrLQlXwVINenqhLMtTrV/1Q==",
      "license": "MIT",
      "optional": true,
      "dependencies": {
        "tslib": "^2.4.0"
      }
    },
    "node_modules/@emnapi/wasi-threads": {
      "version": "1.1.0",
      "resolved": "https://registry.npmjs.org/@emnapi/wasi-threads/-/wasi-threads-1.1.0.tgz",
      "integrity": "sha512-WI0DdZ8xFSbgMjR1sFsKABJ/C5OnRrjT06JXbZKexJGrDuPTzZdDYfFlsgcCXCyf+suG5QU2e/y1Wo2V/OapLQ==",
      "license": "MIT",
      "optional": true,
      "dependencies": {
        "tslib": "^2.4.0"
      }
    },
    "node_modules/@napi-rs/wasm-runtime": {
      "version": "1.0.7",
      "resolved": "https://registry.npmjs.org/@napi-rs/wasm-runtime/-/wasm-runtime-1.0.7.tgz",
      "integrity": "sha512-SeDnOO0Tk7Okiq6DbXmmBODgOAb9dp9gjlphokTUxmt8U3liIP1ZsozBahH69j/RJv+Rfs6IwUKHTgQYJ/HBAw==",
      "license": "MIT",
      "optional": true,
      "dependencies": {
        "@emnapi/core": "^1.5.0",
        "@emnapi/runtime": "^1.5.0",
        "@tybys/wasm-util": "^0.10.1"
      }
    },
    "node_modules/@oxc-resolver/binding-android-arm-eabi": {
      "version": "11.13.1",
      "resolved": "https://registry.npmjs.org/@oxc-resolver/binding-android-arm-eabi/-/binding-android-arm-eabi-11.13.1.tgz",
      "integrity": "sha512-YijiebZnGbKtwhLJXmUkOTS2iFF5Mh7TZb3SpVGrbgH6t2flJn7K+k78FJN7tc2lfixdlI1amkcCbTCgV+2WwQ==",
      "cpu": [
        "arm"
      ],
      "license": "MIT",
      "optional": true,
      "os": [
        "android"
      ]
    },
    "node_modules/@oxc-resolver/binding-android-arm64": {
      "version": "11.13.1",
      "resolved": "https://registry.npmjs.org/@oxc-resolver/binding-android-arm64/-/binding-android-arm64-11.13.1.tgz",
      "integrity": "sha512-cURsasEvObw/KCi8eRuZhHiT4agR4cui6uWX8ss2z/Ok23f8W+P8fvEZD0iUMIAmHwyAxA93RxNTIKh48zK39A==",
      "cpu": [
        "arm64"
      ],
      "license": "MIT",
      "optional": true,
      "os": [
        "android"
      ]
    },
    "node_modules/@oxc-resolver/binding-darwin-arm64": {
      "version": "11.13.1",
      "resolved": "https://registry.npmjs.org/@oxc-resolver/binding-darwin-arm64/-/binding-darwin-arm64-11.13.1.tgz",
      "integrity": "sha512-IKsn9oeVrbWpbE+PanGr5C4tRPVhVuBh/ZY8I7bbqaxBjemlgKKNGNSq73VDzQjRApJgjjzsVDgkTwTrKivLGg==",
      "cpu": [
        "arm64"
      ],
      "license": "MIT",
      "optional": true,
      "os": [
        "darwin"
      ]
    },
    "node_modules/@oxc-resolver/binding-darwin-x64": {
      "version": "11.13.1",
      "resolved": "https://registry.npmjs.org/@oxc-resolver/binding-darwin-x64/-/binding-darwin-x64-11.13.1.tgz",
      "integrity": "sha512-FW9toaDOXSLmP3lYXsXPalQKLs8eXwZCNUOPeng84MExl+ALe0Ik+sif/U6P/nqJgVdVm4MEiZcnnNtQ+Bn29Q==",
      "cpu": [
        "x64"
      ],
      "license": "MIT",
      "optional": true,
      "os": [
        "darwin"
      ]
    },
    "node_modules/@oxc-resolver/binding-freebsd-x64": {
      "version": "11.13.1",
      "resolved": "https://registry.npmjs.org/@oxc-resolver/binding-freebsd-x64/-/binding-freebsd-x64-11.13.1.tgz",
      "integrity": "sha512-9EODydJ8P/DhEmVIdcjLnlDXAw9hot2NLuwY1/6gp3fKNXsqz3s9ch/vlDpq0CMtvjQ3Z4a2P+4IsH5A73Eh/A==",
      "cpu": [
        "x64"
      ],
      "license": "MIT",
      "optional": true,
      "os": [
        "freebsd"
      ]
    },
    "node_modules/@oxc-resolver/binding-linux-arm-gnueabihf": {
      "version": "11.13.1",
      "resolved": "https://registry.npmjs.org/@oxc-resolver/binding-linux-arm-gnueabihf/-/binding-linux-arm-gnueabihf-11.13.1.tgz",
      "integrity": "sha512-Ud/q31NNEFXVy9mwO1jbXXsuqYd8ftoweL4z9MZ5wahlncnzPYKcEGSdBfSi7TKct4KU8EdvAxi+F9wdO1dCGw==",
      "cpu": [
        "arm"
      ],
      "license": "MIT",
      "optional": true,
      "os": [
        "linux"
      ]
    },
    "node_modules/@oxc-resolver/binding-linux-arm-musleabihf": {
      "version": "11.13.1",
      "resolved": "https://registry.npmjs.org/@oxc-resolver/binding-linux-arm-musleabihf/-/binding-linux-arm-musleabihf-11.13.1.tgz",
      "integrity": "sha512-4x/eNAoQ7Ec2n81S2akaBeDbM4ceuy8R4sd41p1ETnM5PBhvBzWSuf75vQp4K1dLyKKPe+fw+uG4eIpgzqvj8A==",
      "cpu": [
        "arm"
      ],
      "license": "MIT",
      "optional": true,
      "os": [
        "linux"
      ]
    },
    "node_modules/@oxc-resolver/binding-linux-arm64-gnu": {
      "version": "11.13.1",
      "resolved": "https://registry.npmjs.org/@oxc-resolver/binding-linux-arm64-gnu/-/binding-linux-arm64-gnu-11.13.1.tgz",
      "integrity": "sha512-435Sf0a1KKjU7jgB5gcisTq6WMxQQVfsmKWAcQ3VhbXU/NpaUUZaezKmZJXNiAO1sUY6/zRJnTaPtsBq9msYlQ==",
      "cpu": [
        "arm64"
      ],
      "license": "MIT",
      "optional": true,
      "os": [
        "linux"
      ]
    },
    "node_modules/@oxc-resolver/binding-linux-arm64-musl": {
      "version": "11.13.1",
      "resolved": "https://registry.npmjs.org/@oxc-resolver/binding-linux-arm64-musl/-/binding-linux-arm64-musl-11.13.1.tgz",
      "integrity": "sha512-Okb7KgPJvA/Db0QwdVziuYs5MZQEq9PC5MEDrBK7jmcqQL2RO+mk7oztqSegcNJ7kMyNM7Zi2cN9G69g4Cs3zg==",
      "cpu": [
        "arm64"
      ],
      "license": "MIT",
      "optional": true,
      "os": [
        "linux"
      ]
    },
    "node_modules/@oxc-resolver/binding-linux-ppc64-gnu": {
      "version": "11.13.1",
      "resolved": "https://registry.npmjs.org/@oxc-resolver/binding-linux-ppc64-gnu/-/binding-linux-ppc64-gnu-11.13.1.tgz",
      "integrity": "sha512-HyM9+MlH7bWQtjtGzhxVMVhIuy2C1+MqavBfSMyY2d9SSdxcKvboMhl/0vTTMH/R94z8n/gP5XSJ1M6/BC30Pw==",
      "cpu": [
        "ppc64"
      ],
      "license": "MIT",
      "optional": true,
      "os": [
        "linux"
      ]
    },
    "node_modules/@oxc-resolver/binding-linux-riscv64-gnu": {
      "version": "11.13.1",
      "resolved": "https://registry.npmjs.org/@oxc-resolver/binding-linux-riscv64-gnu/-/binding-linux-riscv64-gnu-11.13.1.tgz",
      "integrity": "sha512-ukJFu+798IzODSIupFAbouehJOLqQwhz56VlzRXi+42xtsmtZ+NLla2CXlaw1V9nMB7HLEQU1+XklkeFsIxz4g==",
      "cpu": [
        "riscv64"
      ],
      "license": "MIT",
      "optional": true,
      "os": [
        "linux"
      ]
    },
    "node_modules/@oxc-resolver/binding-linux-riscv64-musl": {
      "version": "11.13.1",
      "resolved": "https://registry.npmjs.org/@oxc-resolver/binding-linux-riscv64-musl/-/binding-linux-riscv64-musl-11.13.1.tgz",
      "integrity": "sha512-gCr05/1CbuKQ/E39pzVjBLE/amtdvFpHeEd6lUOshnoInZ48g33b+1/CNyeO+B1CoiIydYGrkbyIoIeSMWzSsw==",
      "cpu": [
        "riscv64"
      ],
      "license": "MIT",
      "optional": true,
      "os": [
        "linux"
      ]
    },
    "node_modules/@oxc-resolver/binding-linux-s390x-gnu": {
      "version": "11.13.1",
      "resolved": "https://registry.npmjs.org/@oxc-resolver/binding-linux-s390x-gnu/-/binding-linux-s390x-gnu-11.13.1.tgz",
      "integrity": "sha512-ojQVasxjsZGCxt+ygyipCSp74P22WdUToBLM8D9qVm/yehOtxIT8nv0FyQrc4DOpqzGPxQS2OcgvLag+9AhsFg==",
      "cpu": [
        "s390x"
      ],
      "license": "MIT",
      "optional": true,
      "os": [
        "linux"
      ]
    },
    "node_modules/@oxc-resolver/binding-linux-x64-gnu": {
      "version": "11.13.1",
      "resolved": "https://registry.npmjs.org/@oxc-resolver/binding-linux-x64-gnu/-/binding-linux-x64-gnu-11.13.1.tgz",
      "integrity": "sha512-Vr28gTydAegrq+qmQu4IvR+LEq3A8amuHdOPSOwMM44cwpIvEDd4MmhimfEqoWjcfVZy9vpd5mPZZY6C/lHq9g==",
      "cpu": [
        "x64"
      ],
      "license": "MIT",
      "optional": true,
      "os": [
        "linux"
      ]
    },
    "node_modules/@oxc-resolver/binding-linux-x64-musl": {
      "version": "11.13.1",
      "resolved": "https://registry.npmjs.org/@oxc-resolver/binding-linux-x64-musl/-/binding-linux-x64-musl-11.13.1.tgz",
      "integrity": "sha512-a2g2nv3IulLb9lHd8ZDGEnWIpNXcZviLiEKt+PHP3k3d86U1adlL5rNmImjF+eNGReTyttlX/hYNT4UIPo7IjA==",
      "cpu": [
        "x64"
      ],
      "license": "MIT",
      "optional": true,
      "os": [
        "linux"
      ]
    },
    "node_modules/@oxc-resolver/binding-wasm32-wasi": {
      "version": "11.13.1",
      "resolved": "https://registry.npmjs.org/@oxc-resolver/binding-wasm32-wasi/-/binding-wasm32-wasi-11.13.1.tgz",
      "integrity": "sha512-PhvfJQG6IyI9uN1c5NAZqfl1N9lLF1XdenX+H3aHYHlADPiOgwtpQgBETSD2L3ySeR7jLzJRVFUrWEu4uDz7Lg==",
      "cpu": [
        "wasm32"
      ],
      "license": "MIT",
      "optional": true,
      "dependencies": {
        "@napi-rs/wasm-runtime": "^1.0.7"
      },
      "engines": {
        "node": ">=14.0.0"
      }
    },
    "node_modules/@oxc-resolver/binding-win32-arm64-msvc": {
      "version": "11.13.1",
      "resolved": "https://registry.npmjs.org/@oxc-resolver/binding-win32-arm64-msvc/-/binding-win32-arm64-msvc-11.13.1.tgz",
      "integrity": "sha512-hyKUC0JQbTKoaPw3r9XHWHtj+B/win36VjTyKDd0OjG71UeyAhZiJBjoNJwfmnTIPcQS4YNesjNkqqDe4qN44w==",
      "cpu": [
        "arm64"
      ],
      "license": "MIT",
      "optional": true,
      "os": [
        "win32"
      ]
    },
    "node_modules/@oxc-resolver/binding-win32-ia32-msvc": {
      "version": "11.13.1",
      "resolved": "https://registry.npmjs.org/@oxc-resolver/binding-win32-ia32-msvc/-/binding-win32-ia32-msvc-11.13.1.tgz",
      "integrity": "sha512-0/y+YMQJEd8kltqPTAUi1PHsYTUi/7UL8Jkhh6BODn3VBQIMMfHhyS8MH4geYJLEJUxuRxGKtya57GOTAN2WSw==",
      "cpu": [
        "ia32"
      ],
      "license": "MIT",
      "optional": true,
      "os": [
        "win32"
      ]
    },
    "node_modules/@oxc-resolver/binding-win32-x64-msvc": {
      "version": "11.13.1",
      "resolved": "https://registry.npmjs.org/@oxc-resolver/binding-win32-x64-msvc/-/binding-win32-x64-msvc-11.13.1.tgz",
      "integrity": "sha512-0r1P/PDUD936rZShGdfnqNFdozRVgFYrcdajm1ZZ8wMoN594YkjKmlM3z3DB6arS+Bz7RhA9uLXcP74GqZ/lAw==",
      "cpu": [
        "x64"
      ],
      "license": "MIT",
      "optional": true,
      "os": [
        "win32"
      ]
    },
    "node_modules/@tybys/wasm-util": {
      "version": "0.10.1",
      "resolved": "https://registry.npmjs.org/@tybys/wasm-util/-/wasm-util-0.10.1.tgz",
      "integrity": "sha512-9tTaPJLSiejZKx+Bmog4uSubteqTvFrVrURwkmHixBo0G4seD0zUxp98E1DzUBJxLQ3NPwXrGKDiVjwx/DpPsg==",
      "license": "MIT",
      "optional": true,
      "dependencies": {
        "tslib": "^2.4.0"
      }
    },
    "node_modules/@types/node": {
      "version": "22.19.0",
      "resolved": "https://registry.npmjs.org/@types/node/-/node-22.19.0.tgz",
      "integrity": "sha512-xpr/lmLPQEj+TUnHmR+Ab91/glhJvsqcjB+yY0Ix9GO70H6Lb4FHH5GeqdOE5btAx7eIMwuHkp4H2MSkLcqWbA==",
      "dev": true,
      "license": "MIT",
      "dependencies": {
        "undici-types": "~6.21.0"
      }
    },
    "node_modules/oxc-resolver": {
      "version": "11.13.1",
      "resolved": "https://registry.npmjs.org/oxc-resolver/-/oxc-resolver-11.13.1.tgz",
      "integrity": "sha512-/MS37pbsjfdujmuiM/qONFToT8zjDh78xOhVOPStG7fiZlE0b8od8XOfLhqovL0NnMR0ojumTUWF4LK/U15qDQ==",
      "license": "MIT",
      "funding": {
        "url": "https://github.com/sponsors/Boshen"
      },
      "optionalDependencies": {
        "@oxc-resolver/binding-android-arm-eabi": "11.13.1",
        "@oxc-resolver/binding-android-arm64": "11.13.1",
        "@oxc-resolver/binding-darwin-arm64": "11.13.1",
        "@oxc-resolver/binding-darwin-x64": "11.13.1",
        "@oxc-resolver/binding-freebsd-x64": "11.13.1",
        "@oxc-resolver/binding-linux-arm-gnueabihf": "11.13.1",
        "@oxc-resolver/binding-linux-arm-musleabihf": "11.13.1",
        "@oxc-resolver/binding-linux-arm64-gnu": "11.13.1",
        "@oxc-resolver/binding-linux-arm64-musl": "11.13.1",
        "@oxc-resolver/binding-linux-ppc64-gnu": "11.13.1",
        "@oxc-resolver/binding-linux-riscv64-gnu": "11.13.1",
        "@oxc-resolver/binding-linux-riscv64-musl": "11.13.1",
        "@oxc-resolver/binding-linux-s390x-gnu": "11.13.1",
        "@oxc-resolver/binding-linux-x64-gnu": "11.13.1",
        "@oxc-resolver/binding-linux-x64-musl": "11.13.1",
        "@oxc-resolver/binding-wasm32-wasi": "11.13.1",
        "@oxc-resolver/binding-win32-arm64-msvc": "11.13.1",
        "@oxc-resolver/binding-win32-ia32-msvc": "11.13.1",
        "@oxc-resolver/binding-win32-x64-msvc": "11.13.1"
      }
    },
    "node_modules/tslib": {
      "version": "2.8.1",
      "resolved": "https://registry.npmjs.org/tslib/-/tslib-2.8.1.tgz",
      "integrity": "sha512-oJFu94HQb+KVduSUQL7wnpmqnfmLsOA/nAh6b6EH0wCEoK0/mPeXU6c3wKDV83MkOuHPRHtSXKKU99IBazS/2w==",
      "license": "0BSD",
      "optional": true
    },
    "node_modules/typescript": {
      "version": "5.9.3",
      "resolved": "https://registry.npmjs.org/typescript/-/typescript-5.9.3.tgz",
      "integrity": "sha512-jl1vZzPDinLr9eUt3J/t7V6FgNEw9QjvBPdysz9KfQDD41fQrC2Y4vKQdiaUpFT4bXlb1RHhLpp8wtm6M5TgSw==",
      "dev": true,
      "license": "Apache-2.0",
      "bin": {
        "tsc": "bin/tsc",
        "tsserver": "bin/tsserver"
      },
      "engines": {
        "node": ">=14.17"
      }
    },
    "node_modules/undici-types": {
      "version": "6.21.0",
      "resolved": "https://registry.npmjs.org/undici-types/-/undici-types-6.21.0.tgz",
      "integrity": "sha512-iwDZqg0QAGrg9Rav5H4n0M64c3mkR59cJ6wQp+7C4nI0gsmExaedaYLNO44eT4AtBBwjbTiGPMlt2Md0T9H9JQ==",
      "dev": true,
      "license": "MIT"
    }
  }
}
